// !$*UTF8*$!
{
	archiveVersion = 1;
	classes = {
	};
	objectVersion = 46;
	objects = {

/* Begin PBXBuildFile section */
		2708FC611D64E04A009D4BBF /* MZCEditMessagePictureCollectionViewController.swift in Sources */ = {isa = PBXBuildFile; fileRef = 2708FC601D64E04A009D4BBF /* MZCEditMessagePictureCollectionViewController.swift */; };
		27140D6F1D3E5397003224EF /* Assets.xcassets in Resources */ = {isa = PBXBuildFile; fileRef = 27140D6E1D3E5397003224EF /* Assets.xcassets */; };
		27140D721D3E5397003224EF /* LaunchScreen.storyboard in Resources */ = {isa = PBXBuildFile; fileRef = 27140D701D3E5397003224EF /* LaunchScreen.storyboard */; };
		27140D7D1D3E5397003224EF /* MZCWBTests.swift in Sources */ = {isa = PBXBuildFile; fileRef = 27140D7C1D3E5397003224EF /* MZCWBTests.swift */; };
		27140D881D3E5397003224EF /* MZCWBUITests.swift in Sources */ = {isa = PBXBuildFile; fileRef = 27140D871D3E5397003224EF /* MZCWBUITests.swift */; };
		27198BAA1D55B0EE00188568 /* MZCNoMoreDataTipsView.swift in Sources */ = {isa = PBXBuildFile; fileRef = 27198BA91D55B0EE00188568 /* MZCNoMoreDataTipsView.swift */; };
		27198BAC1D55D42E00188568 /* MZCRefreshAutoFooter.swift in Sources */ = {isa = PBXBuildFile; fileRef = 27198BAB1D55D42E00188568 /* MZCRefreshAutoFooter.swift */; };
		27232AF41D6CACB400DE31A1 /* MZCParseMutableAttributedString.swift in Sources */ = {isa = PBXBuildFile; fileRef = 27232AF31D6CACB400DE31A1 /* MZCParseMutableAttributedString.swift */; };
		2735F6031D44DDF4000C3FA5 /* MZCLoginViewController.swift in Sources */ = {isa = PBXBuildFile; fileRef = 2735F5F91D44DDF4000C3FA5 /* MZCLoginViewController.swift */; };
		2735F6041D44DDF4000C3FA5 /* MZCLoginViewController.xib in Resources */ = {isa = PBXBuildFile; fileRef = 2735F5FA1D44DDF4000C3FA5 /* MZCLoginViewController.xib */; };
		2735F6051D44DDF4000C3FA5 /* MZCSetupUIHome.swift in Sources */ = {isa = PBXBuildFile; fileRef = 2735F5FC1D44DDF4000C3FA5 /* MZCSetupUIHome.swift */; };
		2735F6061D44DDF4000C3FA5 /* MZCSetupUILoginBase.swift in Sources */ = {isa = PBXBuildFile; fileRef = 2735F5FD1D44DDF4000C3FA5 /* MZCSetupUILoginBase.swift */; };
		2735F6071D44DDF4000C3FA5 /* MZCSetupUIMe.swift in Sources */ = {isa = PBXBuildFile; fileRef = 2735F5FE1D44DDF4000C3FA5 /* MZCSetupUIMe.swift */; };
		2735F6081D44DDF4000C3FA5 /* MZCSetupUIMessage.swift in Sources */ = {isa = PBXBuildFile; fileRef = 2735F5FF1D44DDF4000C3FA5 /* MZCSetupUIMessage.swift */; };
		2735F6091D44DDF4000C3FA5 /* MZCSetupUIPlaza.swift in Sources */ = {isa = PBXBuildFile; fileRef = 2735F6001D44DDF4000C3FA5 /* MZCSetupUIPlaza.swift */; };
		2735F60F1D450CFA000C3FA5 /* MZCTokenLoginWebViewController.swift in Sources */ = {isa = PBXBuildFile; fileRef = 2735F60E1D450CFA000C3FA5 /* MZCTokenLoginWebViewController.swift */; };
		2741B4051D42882F003DAD8B /* MZCHomePopViewController.xib in Resources */ = {isa = PBXBuildFile; fileRef = 2741B4021D42882F003DAD8B /* MZCHomePopViewController.xib */; };
		275512EA1D40929D002508E8 /* MZCHomeTitleButton.swift in Sources */ = {isa = PBXBuildFile; fileRef = 275512E91D40929D002508E8 /* MZCHomeTitleButton.swift */; };
		2756A53C1D456E2D0051155F /* MZCAccountTokenMode.swift in Sources */ = {isa = PBXBuildFile; fileRef = 2756A53B1D456E2D0051155F /* MZCAccountTokenMode.swift */; };
		2777E9D01D5CCCDE00BA5BE2 /* MZCHomePopImageBrowserManager.swift in Sources */ = {isa = PBXBuildFile; fileRef = 2777E9CE1D5CCCDE00BA5BE2 /* MZCHomePopImageBrowserManager.swift */; };
		2777E9D11D5CCCDE00BA5BE2 /* MZCHomePopUserInfoManager.swift in Sources */ = {isa = PBXBuildFile; fileRef = 2777E9CF1D5CCCDE00BA5BE2 /* MZCHomePopUserInfoManager.swift */; };
		2777E9D31D5CCD0A00BA5BE2 /* MZCHomeTableViewController.swift in Sources */ = {isa = PBXBuildFile; fileRef = 2777E9D21D5CCD0A00BA5BE2 /* MZCHomeTableViewController.swift */; };
		2777E9D51D5CCD8E00BA5BE2 /* MZCHomeChartletCollectionView.swift in Sources */ = {isa = PBXBuildFile; fileRef = 2777E9D41D5CCD8E00BA5BE2 /* MZCHomeChartletCollectionView.swift */; };
		278531481D589BE9002A4609 /* MZCHomeImageBrowserCell.swift in Sources */ = {isa = PBXBuildFile; fileRef = 278531471D589BE9002A4609 /* MZCHomeImageBrowserCell.swift */; };
		2790F39F1D56EE1500C33CB6 /* MZCHomeChartletMiddleView.swift in Sources */ = {isa = PBXBuildFile; fileRef = 2790F39E1D56EE1500C33CB6 /* MZCHomeChartletMiddleView.swift */; };
		2790F3A11D56EE2B00C33CB6 /* MZCHomeChartletMiddleView.xib in Resources */ = {isa = PBXBuildFile; fileRef = 2790F3A01D56EE2B00C33CB6 /* MZCHomeChartletMiddleView.xib */; };
		2790F3A31D56EE4700C33CB6 /* MZCHomeForwardMiddleView.swift in Sources */ = {isa = PBXBuildFile; fileRef = 2790F3A21D56EE4700C33CB6 /* MZCHomeForwardMiddleView.swift */; };
		2790F3A51D56EE5D00C33CB6 /* MZCHomeForwardMiddleView.xib in Resources */ = {isa = PBXBuildFile; fileRef = 2790F3A41D56EE5D00C33CB6 /* MZCHomeForwardMiddleView.xib */; };
		2797923F1D42CC6E00EB604D /* MZCScanViewController.swift in Sources */ = {isa = PBXBuildFile; fileRef = 2797923D1D42CC6E00EB604D /* MZCScanViewController.swift */; };
		279792401D42CC6E00EB604D /* MZCScanViewController.xib in Resources */ = {isa = PBXBuildFile; fileRef = 2797923E1D42CC6E00EB604D /* MZCScanViewController.xib */; };
		27ABDC491D65937A005AC550 /* MZCEditMessagePictureCollectionViewCell.swift in Sources */ = {isa = PBXBuildFile; fileRef = 27ABDC471D65937A005AC550 /* MZCEditMessagePictureCollectionViewCell.swift */; };
		27ABDC4A1D65937A005AC550 /* MZCEditMessagePictureCollectionViewCell.xib in Resources */ = {isa = PBXBuildFile; fileRef = 27ABDC481D65937A005AC550 /* MZCEditMessagePictureCollectionViewCell.xib */; };
		27B5D8CE1D55960E00567DDB /* MZCRefreshStateHeader.swift in Sources */ = {isa = PBXBuildFile; fileRef = 27B5D8CD1D55960E00567DDB /* MZCRefreshStateHeader.swift */; };
		27B734461D46061800ABE27F /* MZCUserMode.swift in Sources */ = {isa = PBXBuildFile; fileRef = 27B734451D46061800ABE27F /* MZCUserMode.swift */; };
		27B7344A1D46854200ABE27F /* MZCBaseTabBarViewController.swift in Sources */ = {isa = PBXBuildFile; fileRef = 27B734491D46854200ABE27F /* MZCBaseTabBarViewController.swift */; };
		27B7344C1D46869D00ABE27F /* MZCLoginTabBarViewController.swift in Sources */ = {isa = PBXBuildFile; fileRef = 27B7344B1D46869D00ABE27F /* MZCLoginTabBarViewController.swift */; };
		27B7344E1D4688AA00ABE27F /* MZCNewVersionCollectionViewController.swift in Sources */ = {isa = PBXBuildFile; fileRef = 27B7344D1D4688AA00ABE27F /* MZCNewVersionCollectionViewController.swift */; };
		27B734511D46908B00ABE27F /* MZCNewVersionCollectionViewCell.swift in Sources */ = {isa = PBXBuildFile; fileRef = 27B7344F1D46908B00ABE27F /* MZCNewVersionCollectionViewCell.swift */; };
		27B734521D46908B00ABE27F /* MZCNewVersionCollectionViewCell.xib in Resources */ = {isa = PBXBuildFile; fileRef = 27B734501D46908B00ABE27F /* MZCNewVersionCollectionViewCell.xib */; };
		27C366401D4B389400481D8F /* MZCHomeMode.swift in Sources */ = {isa = PBXBuildFile; fileRef = 27C3663F1D4B389400481D8F /* MZCHomeMode.swift */; };
		27C60EAE1D595764000E7E66 /* MZCHomeImageBrowserCell.xib in Resources */ = {isa = PBXBuildFile; fileRef = 27C60EAD1D595764000E7E66 /* MZCHomeImageBrowserCell.xib */; };
		27C6A8541D5F7DCB005E8960 /* NSBundle+MZCExtension.swift in Sources */ = {isa = PBXBuildFile; fileRef = 27C6A8531D5F7DCB005E8960 /* NSBundle+MZCExtension.swift */; };
		27C6A87F1D5F830E005E8960 /* MZCKeyboardEmoticonViewController.swift in Sources */ = {isa = PBXBuildFile; fileRef = 27C6A8771D5F830E005E8960 /* MZCKeyboardEmoticonViewController.swift */; };
		27C6A8801D5F830E005E8960 /* MZCKeyboardEmoticonViewController.xib in Resources */ = {isa = PBXBuildFile; fileRef = 27C6A8781D5F830E005E8960 /* MZCKeyboardEmoticonViewController.xib */; };
		27C6A8811D5F830E005E8960 /* MZCEmoticonGroup.swift in Sources */ = {isa = PBXBuildFile; fileRef = 27C6A87A1D5F830E005E8960 /* MZCEmoticonGroup.swift */; };
		27C6A8821D5F830E005E8960 /* MZCEmoticonMode.swift in Sources */ = {isa = PBXBuildFile; fileRef = 27C6A87B1D5F830E005E8960 /* MZCEmoticonMode.swift */; };
		27C6A8831D5F830E005E8960 /* MZCKeyboardEmoticonCell.swift in Sources */ = {isa = PBXBuildFile; fileRef = 27C6A87D1D5F830E005E8960 /* MZCKeyboardEmoticonCell.swift */; };
		27C6A8841D5F830E005E8960 /* MZCKeyboardEmoticonCell.xib in Resources */ = {isa = PBXBuildFile; fileRef = 27C6A87E1D5F830E005E8960 /* MZCKeyboardEmoticonCell.xib */; };
		27C6A88A1D5F8593005E8960 /* Emoticons.bundle in Resources */ = {isa = PBXBuildFile; fileRef = 27C6A8891D5F8593005E8960 /* Emoticons.bundle */; };
		27C6A8981D5F8FD9005E8960 /* MZCEditMessageCustomNavTitleView.swift in Sources */ = {isa = PBXBuildFile; fileRef = 27C6A8941D5F8FD9005E8960 /* MZCEditMessageCustomNavTitleView.swift */; };
		27C6A89B1D5F9479005E8960 /* MZCMessageTableViewController.swift in Sources */ = {isa = PBXBuildFile; fileRef = 27C6A8991D5F9479005E8960 /* MZCMessageTableViewController.swift */; };
		27C6A89C1D5F9479005E8960 /* MZCMessageTableViewController.xib in Resources */ = {isa = PBXBuildFile; fileRef = 27C6A89A1D5F9479005E8960 /* MZCMessageTableViewController.xib */; };
		27C6A8A31D5F974C005E8960 /* MZCEditMessageViewController.swift in Sources */ = {isa = PBXBuildFile; fileRef = 27C6A8A11D5F974C005E8960 /* MZCEditMessageViewController.swift */; };
		27C6A8A41D5F974C005E8960 /* MZCEditMessageViewController.xib in Resources */ = {isa = PBXBuildFile; fileRef = 27C6A8A21D5F974C005E8960 /* MZCEditMessageViewController.xib */; };
		27C9A5771D5AB9FA00B91DCC /* MZCHomePopViewController.swift in Sources */ = {isa = PBXBuildFile; fileRef = 27C9A5761D5AB9FA00B91DCC /* MZCHomePopViewController.swift */; };
		27C9A57B1D5AC4A600B91DCC /* MZCHomeImageBrowserCollectionViewController.swift in Sources */ = {isa = PBXBuildFile; fileRef = 27C9A57A1D5AC4A600B91DCC /* MZCHomeImageBrowserCollectionViewController.swift */; };
		27D5C6151D3E6A3E00854F55 /* AppDelegate.swift in Sources */ = {isa = PBXBuildFile; fileRef = 27D5C6141D3E6A3E00854F55 /* AppDelegate.swift */; };
		27E1818B1D4CA650009D45A3 /* MZCHomeTableViewCell.swift in Sources */ = {isa = PBXBuildFile; fileRef = 27E181891D4CA650009D45A3 /* MZCHomeTableViewCell.swift */; };
		27E1818C1D4CA650009D45A3 /* MZCHomeTableViewCell.xib in Resources */ = {isa = PBXBuildFile; fileRef = 27E1818A1D4CA650009D45A3 /* MZCHomeTableViewCell.xib */; };
		27E181911D4CCFD0009D45A3 /* MZCHomeViewMode.swift in Sources */ = {isa = PBXBuildFile; fileRef = 27E181901D4CCFD0009D45A3 /* MZCHomeViewMode.swift */; };
		27E181931D4CE861009D45A3 /* MZCTimeDelegate.swift in Sources */ = {isa = PBXBuildFile; fileRef = 27E181921D4CE861009D45A3 /* MZCTimeDelegate.swift */; };
		27E2DCB41D3F48EC0080D995 /* MZCMeTableViewController.swift in Sources */ = {isa = PBXBuildFile; fileRef = 27E2DCB31D3F48EC0080D995 /* MZCMeTableViewController.swift */; };
		27E2DCB81D3F490A0080D995 /* MZCPlazaTableViewController.swift in Sources */ = {isa = PBXBuildFile; fileRef = 27E2DCB71D3F490A0080D995 /* MZCPlazaTableViewController.swift */; };
		27E2DCBC1D3F49660080D995 /* MZCTabBarController.swift in Sources */ = {isa = PBXBuildFile; fileRef = 27E2DCBB1D3F49660080D995 /* MZCTabBarController.swift */; };
		27E2DCBF1D3F60B50080D995 /* MainVCSettings.json in Resources */ = {isa = PBXBuildFile; fileRef = 27E2DCBE1D3F60B50080D995 /* MainVCSettings.json */; };
		27E2DCC51D3F813F0080D995 /* MZCTabBarView.swift in Sources */ = {isa = PBXBuildFile; fileRef = 27E2DCC41D3F813F0080D995 /* MZCTabBarView.swift */; };
		27F03B1F1D62F2C800F61B73 /* MZCEmoticonTextView.swift in Sources */ = {isa = PBXBuildFile; fileRef = 27F03B1E1D62F2C800F61B73 /* MZCEmoticonTextView.swift */; };
		27F61EA91D47C60500B54231 /* MZCWelcomeViewController.swift in Sources */ = {isa = PBXBuildFile; fileRef = 27F61EA71D47C60500B54231 /* MZCWelcomeViewController.swift */; };
		27F61EAA1D47C60500B54231 /* MZCWelcomeViewController.xib in Resources */ = {isa = PBXBuildFile; fileRef = 27F61EA81D47C60500B54231 /* MZCWelcomeViewController.xib */; };
		27FB00221D5D9DA100A49020 /* MZCBasePopManager.swift in Sources */ = {isa = PBXBuildFile; fileRef = 27FB00121D5D9DA100A49020 /* MZCBasePopManager.swift */; };
		27FB00231D5D9DA100A49020 /* MZCNavigationController.swift in Sources */ = {isa = PBXBuildFile; fileRef = 27FB00131D5D9DA100A49020 /* MZCNavigationController.swift */; };
		27FB00241D5D9DA100A49020 /* NSDate+MZCExtension.swift in Sources */ = {isa = PBXBuildFile; fileRef = 27FB00151D5D9DA100A49020 /* NSDate+MZCExtension.swift */; };
		27FB00251D5D9DA100A49020 /* NSObject+MZCExtension.swift in Sources */ = {isa = PBXBuildFile; fileRef = 27FB00161D5D9DA100A49020 /* NSObject+MZCExtension.swift */; };
		27FB00261D5D9DA100A49020 /* String+MZCExtension.swift in Sources */ = {isa = PBXBuildFile; fileRef = 27FB00171D5D9DA100A49020 /* String+MZCExtension.swift */; };
		27FB00271D5D9DA100A49020 /* UIBarButtonItem+MZCExtension.swift in Sources */ = {isa = PBXBuildFile; fileRef = 27FB00181D5D9DA100A49020 /* UIBarButtonItem+MZCExtension.swift */; };
		27FB00281D5D9DA100A49020 /* UIButton+MZCExtension.swift in Sources */ = {isa = PBXBuildFile; fileRef = 27FB00191D5D9DA100A49020 /* UIButton+MZCExtension.swift */; };
		27FB00291D5D9DA100A49020 /* UIImage+MZCExtension.swift in Sources */ = {isa = PBXBuildFile; fileRef = 27FB001A1D5D9DA100A49020 /* UIImage+MZCExtension.swift */; };
		27FB002A1D5D9DA100A49020 /* UIView+MZCExtension.swift in Sources */ = {isa = PBXBuildFile; fileRef = 27FB001B1D5D9DA100A49020 /* UIView+MZCExtension.swift */; };
		27FB002B1D5D9DA100A49020 /* MZCGlobal.swift in Sources */ = {isa = PBXBuildFile; fileRef = 27FB001C1D5D9DA100A49020 /* MZCGlobal.swift */; };
		27FB002C1D5D9DA100A49020 /* MZCHTTPSessionManager.swift in Sources */ = {isa = PBXBuildFile; fileRef = 27FB001E1D5D9DA100A49020 /* MZCHTTPSessionManager.swift */; };
		27FB002F1D5DA03100A49020 /* MZCProgressHUD.swift in Sources */ = {isa = PBXBuildFile; fileRef = 27FB002E1D5DA03100A49020 /* MZCProgressHUD.swift */; };
		27FFCE8F1D43531A00775DF4 /* MZCScanAniView.swift in Sources */ = {isa = PBXBuildFile; fileRef = 27FFCE8E1D43531A00775DF4 /* MZCScanAniView.swift */; };
		27FFCE911D4353C800775DF4 /* MZCScanAniView.xib in Resources */ = {isa = PBXBuildFile; fileRef = 27FFCE901D4353C800775DF4 /* MZCScanAniView.xib */; };
		27FFCE951D43E3C600775DF4 /* MZCQRCode.swift in Sources */ = {isa = PBXBuildFile; fileRef = 27FFCE941D43E3C600775DF4 /* MZCQRCode.swift */; };
		41E040E84DB278CE083153CE /* Pods_MZCWB.framework in Frameworks */ = {isa = PBXBuildFile; fileRef = 959D910E3A2A2B82AF4C424C /* Pods_MZCWB.framework */; };
/* End PBXBuildFile section */

/* Begin PBXContainerItemProxy section */
		27140D791D3E5397003224EF /* PBXContainerItemProxy */ = {
			isa = PBXContainerItemProxy;
			containerPortal = 27140D5C1D3E5397003224EF /* Project object */;
			proxyType = 1;
			remoteGlobalIDString = 27140D631D3E5397003224EF;
			remoteInfo = MZCWB;
		};
		27140D841D3E5397003224EF /* PBXContainerItemProxy */ = {
			isa = PBXContainerItemProxy;
			containerPortal = 27140D5C1D3E5397003224EF /* Project object */;
			proxyType = 1;
			remoteGlobalIDString = 27140D631D3E5397003224EF;
			remoteInfo = MZCWB;
		};
/* End PBXContainerItemProxy section */

/* Begin PBXFileReference section */
		1602D8B090804EAE840C7D47 /* Pods-MZCWB.release.xcconfig */ = {isa = PBXFileReference; includeInIndex = 1; lastKnownFileType = text.xcconfig; name = "Pods-MZCWB.release.xcconfig"; path = "Pods/Target Support Files/Pods-MZCWB/Pods-MZCWB.release.xcconfig"; sourceTree = "<group>"; };
		2708FC601D64E04A009D4BBF /* MZCEditMessagePictureCollectionViewController.swift */ = {isa = PBXFileReference; fileEncoding = 4; lastKnownFileType = sourcecode.swift; path = MZCEditMessagePictureCollectionViewController.swift; sourceTree = "<group>"; };
		27140D641D3E5397003224EF /* MZCWB.app */ = {isa = PBXFileReference; explicitFileType = wrapper.application; includeInIndex = 0; path = MZCWB.app; sourceTree = BUILT_PRODUCTS_DIR; };
		27140D6E1D3E5397003224EF /* Assets.xcassets */ = {isa = PBXFileReference; lastKnownFileType = folder.assetcatalog; path = Assets.xcassets; sourceTree = "<group>"; };
		27140D711D3E5397003224EF /* Base */ = {isa = PBXFileReference; lastKnownFileType = file.storyboard; name = Base; path = Base.lproj/LaunchScreen.storyboard; sourceTree = "<group>"; };
		27140D731D3E5397003224EF /* Info.plist */ = {isa = PBXFileReference; lastKnownFileType = text.plist.xml; path = Info.plist; sourceTree = "<group>"; };
		27140D781D3E5397003224EF /* MZCWBTests.xctest */ = {isa = PBXFileReference; explicitFileType = wrapper.cfbundle; includeInIndex = 0; path = MZCWBTests.xctest; sourceTree = BUILT_PRODUCTS_DIR; };
		27140D7C1D3E5397003224EF /* MZCWBTests.swift */ = {isa = PBXFileReference; lastKnownFileType = sourcecode.swift; path = MZCWBTests.swift; sourceTree = "<group>"; };
		27140D7E1D3E5397003224EF /* Info.plist */ = {isa = PBXFileReference; lastKnownFileType = text.plist.xml; path = Info.plist; sourceTree = "<group>"; };
		27140D831D3E5397003224EF /* MZCWBUITests.xctest */ = {isa = PBXFileReference; explicitFileType = wrapper.cfbundle; includeInIndex = 0; path = MZCWBUITests.xctest; sourceTree = BUILT_PRODUCTS_DIR; };
		27140D871D3E5397003224EF /* MZCWBUITests.swift */ = {isa = PBXFileReference; lastKnownFileType = sourcecode.swift; path = MZCWBUITests.swift; sourceTree = "<group>"; };
		27140D891D3E5397003224EF /* Info.plist */ = {isa = PBXFileReference; lastKnownFileType = text.plist.xml; path = Info.plist; sourceTree = "<group>"; };
		27198BA91D55B0EE00188568 /* MZCNoMoreDataTipsView.swift */ = {isa = PBXFileReference; fileEncoding = 4; lastKnownFileType = sourcecode.swift; path = MZCNoMoreDataTipsView.swift; sourceTree = "<group>"; };
		27198BAB1D55D42E00188568 /* MZCRefreshAutoFooter.swift */ = {isa = PBXFileReference; fileEncoding = 4; lastKnownFileType = sourcecode.swift; path = MZCRefreshAutoFooter.swift; sourceTree = "<group>"; };
		27232AF31D6CACB400DE31A1 /* MZCParseMutableAttributedString.swift */ = {isa = PBXFileReference; fileEncoding = 4; lastKnownFileType = sourcecode.swift; path = MZCParseMutableAttributedString.swift; sourceTree = "<group>"; };
		2735F5F91D44DDF4000C3FA5 /* MZCLoginViewController.swift */ = {isa = PBXFileReference; fileEncoding = 4; lastKnownFileType = sourcecode.swift; path = MZCLoginViewController.swift; sourceTree = "<group>"; };
		2735F5FA1D44DDF4000C3FA5 /* MZCLoginViewController.xib */ = {isa = PBXFileReference; fileEncoding = 4; lastKnownFileType = file.xib; path = MZCLoginViewController.xib; sourceTree = "<group>"; };
		2735F5FC1D44DDF4000C3FA5 /* MZCSetupUIHome.swift */ = {isa = PBXFileReference; fileEncoding = 4; lastKnownFileType = sourcecode.swift; path = MZCSetupUIHome.swift; sourceTree = "<group>"; };
		2735F5FD1D44DDF4000C3FA5 /* MZCSetupUILoginBase.swift */ = {isa = PBXFileReference; fileEncoding = 4; lastKnownFileType = sourcecode.swift; path = MZCSetupUILoginBase.swift; sourceTree = "<group>"; };
		2735F5FE1D44DDF4000C3FA5 /* MZCSetupUIMe.swift */ = {isa = PBXFileReference; fileEncoding = 4; lastKnownFileType = sourcecode.swift; path = MZCSetupUIMe.swift; sourceTree = "<group>"; };
		2735F5FF1D44DDF4000C3FA5 /* MZCSetupUIMessage.swift */ = {isa = PBXFileReference; fileEncoding = 4; lastKnownFileType = sourcecode.swift; path = MZCSetupUIMessage.swift; sourceTree = "<group>"; };
		2735F6001D44DDF4000C3FA5 /* MZCSetupUIPlaza.swift */ = {isa = PBXFileReference; fileEncoding = 4; lastKnownFileType = sourcecode.swift; path = MZCSetupUIPlaza.swift; sourceTree = "<group>"; };
		2735F60E1D450CFA000C3FA5 /* MZCTokenLoginWebViewController.swift */ = {isa = PBXFileReference; fileEncoding = 4; lastKnownFileType = sourcecode.swift; path = MZCTokenLoginWebViewController.swift; sourceTree = "<group>"; };
		2741B4021D42882F003DAD8B /* MZCHomePopViewController.xib */ = {isa = PBXFileReference; fileEncoding = 4; lastKnownFileType = file.xib; path = MZCHomePopViewController.xib; sourceTree = "<group>"; };
		275512E91D40929D002508E8 /* MZCHomeTitleButton.swift */ = {isa = PBXFileReference; fileEncoding = 4; lastKnownFileType = sourcecode.swift; path = MZCHomeTitleButton.swift; sourceTree = "<group>"; };
		2756A53B1D456E2D0051155F /* MZCAccountTokenMode.swift */ = {isa = PBXFileReference; fileEncoding = 4; lastKnownFileType = sourcecode.swift; path = MZCAccountTokenMode.swift; sourceTree = "<group>"; };
		2777E9CE1D5CCCDE00BA5BE2 /* MZCHomePopImageBrowserManager.swift */ = {isa = PBXFileReference; fileEncoding = 4; lastKnownFileType = sourcecode.swift; path = MZCHomePopImageBrowserManager.swift; sourceTree = "<group>"; };
		2777E9CF1D5CCCDE00BA5BE2 /* MZCHomePopUserInfoManager.swift */ = {isa = PBXFileReference; fileEncoding = 4; lastKnownFileType = sourcecode.swift; path = MZCHomePopUserInfoManager.swift; sourceTree = "<group>"; };
		2777E9D21D5CCD0A00BA5BE2 /* MZCHomeTableViewController.swift */ = {isa = PBXFileReference; fileEncoding = 4; lastKnownFileType = sourcecode.swift; path = MZCHomeTableViewController.swift; sourceTree = "<group>"; };
		2777E9D41D5CCD8E00BA5BE2 /* MZCHomeChartletCollectionView.swift */ = {isa = PBXFileReference; fileEncoding = 4; lastKnownFileType = sourcecode.swift; path = MZCHomeChartletCollectionView.swift; sourceTree = "<group>"; };
		278531471D589BE9002A4609 /* MZCHomeImageBrowserCell.swift */ = {isa = PBXFileReference; fileEncoding = 4; lastKnownFileType = sourcecode.swift; path = MZCHomeImageBrowserCell.swift; sourceTree = "<group>"; };
		2790F39E1D56EE1500C33CB6 /* MZCHomeChartletMiddleView.swift */ = {isa = PBXFileReference; fileEncoding = 4; lastKnownFileType = sourcecode.swift; path = MZCHomeChartletMiddleView.swift; sourceTree = "<group>"; };
		2790F3A01D56EE2B00C33CB6 /* MZCHomeChartletMiddleView.xib */ = {isa = PBXFileReference; fileEncoding = 4; lastKnownFileType = file.xib; path = MZCHomeChartletMiddleView.xib; sourceTree = "<group>"; };
		2790F3A21D56EE4700C33CB6 /* MZCHomeForwardMiddleView.swift */ = {isa = PBXFileReference; fileEncoding = 4; lastKnownFileType = sourcecode.swift; path = MZCHomeForwardMiddleView.swift; sourceTree = "<group>"; };
		2790F3A41D56EE5D00C33CB6 /* MZCHomeForwardMiddleView.xib */ = {isa = PBXFileReference; fileEncoding = 4; lastKnownFileType = file.xib; path = MZCHomeForwardMiddleView.xib; sourceTree = "<group>"; };
		2797923D1D42CC6E00EB604D /* MZCScanViewController.swift */ = {isa = PBXFileReference; fileEncoding = 4; lastKnownFileType = sourcecode.swift; path = MZCScanViewController.swift; sourceTree = "<group>"; };
		2797923E1D42CC6E00EB604D /* MZCScanViewController.xib */ = {isa = PBXFileReference; fileEncoding = 4; lastKnownFileType = file.xib; path = MZCScanViewController.xib; sourceTree = "<group>"; };
		27ABDC471D65937A005AC550 /* MZCEditMessagePictureCollectionViewCell.swift */ = {isa = PBXFileReference; fileEncoding = 4; lastKnownFileType = sourcecode.swift; path = MZCEditMessagePictureCollectionViewCell.swift; sourceTree = "<group>"; };
		27ABDC481D65937A005AC550 /* MZCEditMessagePictureCollectionViewCell.xib */ = {isa = PBXFileReference; fileEncoding = 4; lastKnownFileType = file.xib; path = MZCEditMessagePictureCollectionViewCell.xib; sourceTree = "<group>"; };
		27B5D8CD1D55960E00567DDB /* MZCRefreshStateHeader.swift */ = {isa = PBXFileReference; fileEncoding = 4; lastKnownFileType = sourcecode.swift; path = MZCRefreshStateHeader.swift; sourceTree = "<group>"; };
		27B734451D46061800ABE27F /* MZCUserMode.swift */ = {isa = PBXFileReference; fileEncoding = 4; lastKnownFileType = sourcecode.swift; path = MZCUserMode.swift; sourceTree = "<group>"; };
		27B734491D46854200ABE27F /* MZCBaseTabBarViewController.swift */ = {isa = PBXFileReference; fileEncoding = 4; lastKnownFileType = sourcecode.swift; path = MZCBaseTabBarViewController.swift; sourceTree = "<group>"; };
		27B7344B1D46869D00ABE27F /* MZCLoginTabBarViewController.swift */ = {isa = PBXFileReference; fileEncoding = 4; lastKnownFileType = sourcecode.swift; path = MZCLoginTabBarViewController.swift; sourceTree = "<group>"; };
		27B7344D1D4688AA00ABE27F /* MZCNewVersionCollectionViewController.swift */ = {isa = PBXFileReference; fileEncoding = 4; lastKnownFileType = sourcecode.swift; path = MZCNewVersionCollectionViewController.swift; sourceTree = "<group>"; };
		27B7344F1D46908B00ABE27F /* MZCNewVersionCollectionViewCell.swift */ = {isa = PBXFileReference; fileEncoding = 4; lastKnownFileType = sourcecode.swift; path = MZCNewVersionCollectionViewCell.swift; sourceTree = "<group>"; };
		27B734501D46908B00ABE27F /* MZCNewVersionCollectionViewCell.xib */ = {isa = PBXFileReference; fileEncoding = 4; lastKnownFileType = file.xib; path = MZCNewVersionCollectionViewCell.xib; sourceTree = "<group>"; };
		27C3663F1D4B389400481D8F /* MZCHomeMode.swift */ = {isa = PBXFileReference; fileEncoding = 4; lastKnownFileType = sourcecode.swift; path = MZCHomeMode.swift; sourceTree = "<group>"; };
		27C60EAD1D595764000E7E66 /* MZCHomeImageBrowserCell.xib */ = {isa = PBXFileReference; fileEncoding = 4; lastKnownFileType = file.xib; path = MZCHomeImageBrowserCell.xib; sourceTree = "<group>"; };
		27C6A8531D5F7DCB005E8960 /* NSBundle+MZCExtension.swift */ = {isa = PBXFileReference; fileEncoding = 4; lastKnownFileType = sourcecode.swift; path = "NSBundle+MZCExtension.swift"; sourceTree = "<group>"; };
		27C6A8771D5F830E005E8960 /* MZCKeyboardEmoticonViewController.swift */ = {isa = PBXFileReference; fileEncoding = 4; lastKnownFileType = sourcecode.swift; path = MZCKeyboardEmoticonViewController.swift; sourceTree = "<group>"; };
		27C6A8781D5F830E005E8960 /* MZCKeyboardEmoticonViewController.xib */ = {isa = PBXFileReference; fileEncoding = 4; lastKnownFileType = file.xib; path = MZCKeyboardEmoticonViewController.xib; sourceTree = "<group>"; };
		27C6A87A1D5F830E005E8960 /* MZCEmoticonGroup.swift */ = {isa = PBXFileReference; fileEncoding = 4; lastKnownFileType = sourcecode.swift; path = MZCEmoticonGroup.swift; sourceTree = "<group>"; };
		27C6A87B1D5F830E005E8960 /* MZCEmoticonMode.swift */ = {isa = PBXFileReference; fileEncoding = 4; lastKnownFileType = sourcecode.swift; path = MZCEmoticonMode.swift; sourceTree = "<group>"; };
		27C6A87D1D5F830E005E8960 /* MZCKeyboardEmoticonCell.swift */ = {isa = PBXFileReference; fileEncoding = 4; lastKnownFileType = sourcecode.swift; path = MZCKeyboardEmoticonCell.swift; sourceTree = "<group>"; };
		27C6A87E1D5F830E005E8960 /* MZCKeyboardEmoticonCell.xib */ = {isa = PBXFileReference; fileEncoding = 4; lastKnownFileType = file.xib; path = MZCKeyboardEmoticonCell.xib; sourceTree = "<group>"; };
		27C6A8891D5F8593005E8960 /* Emoticons.bundle */ = {isa = PBXFileReference; lastKnownFileType = "wrapper.plug-in"; path = Emoticons.bundle; sourceTree = "<group>"; };
		27C6A8941D5F8FD9005E8960 /* MZCEditMessageCustomNavTitleView.swift */ = {isa = PBXFileReference; fileEncoding = 4; lastKnownFileType = sourcecode.swift; path = MZCEditMessageCustomNavTitleView.swift; sourceTree = "<group>"; };
		27C6A8991D5F9479005E8960 /* MZCMessageTableViewController.swift */ = {isa = PBXFileReference; fileEncoding = 4; lastKnownFileType = sourcecode.swift; path = MZCMessageTableViewController.swift; sourceTree = "<group>"; };
		27C6A89A1D5F9479005E8960 /* MZCMessageTableViewController.xib */ = {isa = PBXFileReference; fileEncoding = 4; lastKnownFileType = file.xib; path = MZCMessageTableViewController.xib; sourceTree = "<group>"; };
		27C6A8A11D5F974C005E8960 /* MZCEditMessageViewController.swift */ = {isa = PBXFileReference; fileEncoding = 4; lastKnownFileType = sourcecode.swift; path = MZCEditMessageViewController.swift; sourceTree = "<group>"; };
		27C6A8A21D5F974C005E8960 /* MZCEditMessageViewController.xib */ = {isa = PBXFileReference; fileEncoding = 4; lastKnownFileType = file.xib; path = MZCEditMessageViewController.xib; sourceTree = "<group>"; };
		27C9A5761D5AB9FA00B91DCC /* MZCHomePopViewController.swift */ = {isa = PBXFileReference; fileEncoding = 4; lastKnownFileType = sourcecode.swift; path = MZCHomePopViewController.swift; sourceTree = "<group>"; };
		27C9A57A1D5AC4A600B91DCC /* MZCHomeImageBrowserCollectionViewController.swift */ = {isa = PBXFileReference; fileEncoding = 4; lastKnownFileType = sourcecode.swift; path = MZCHomeImageBrowserCollectionViewController.swift; sourceTree = "<group>"; };
		27D5C6141D3E6A3E00854F55 /* AppDelegate.swift */ = {isa = PBXFileReference; fileEncoding = 4; lastKnownFileType = sourcecode.swift; path = AppDelegate.swift; sourceTree = "<group>"; };
		27E181891D4CA650009D45A3 /* MZCHomeTableViewCell.swift */ = {isa = PBXFileReference; fileEncoding = 4; lastKnownFileType = sourcecode.swift; path = MZCHomeTableViewCell.swift; sourceTree = "<group>"; };
		27E1818A1D4CA650009D45A3 /* MZCHomeTableViewCell.xib */ = {isa = PBXFileReference; fileEncoding = 4; lastKnownFileType = file.xib; path = MZCHomeTableViewCell.xib; sourceTree = "<group>"; };
		27E181901D4CCFD0009D45A3 /* MZCHomeViewMode.swift */ = {isa = PBXFileReference; fileEncoding = 4; lastKnownFileType = sourcecode.swift; path = MZCHomeViewMode.swift; sourceTree = "<group>"; };
		27E181921D4CE861009D45A3 /* MZCTimeDelegate.swift */ = {isa = PBXFileReference; fileEncoding = 4; lastKnownFileType = sourcecode.swift; path = MZCTimeDelegate.swift; sourceTree = "<group>"; };
		27E2DCB31D3F48EC0080D995 /* MZCMeTableViewController.swift */ = {isa = PBXFileReference; fileEncoding = 4; lastKnownFileType = sourcecode.swift; path = MZCMeTableViewController.swift; sourceTree = "<group>"; };
		27E2DCB71D3F490A0080D995 /* MZCPlazaTableViewController.swift */ = {isa = PBXFileReference; fileEncoding = 4; lastKnownFileType = sourcecode.swift; path = MZCPlazaTableViewController.swift; sourceTree = "<group>"; };
		27E2DCBB1D3F49660080D995 /* MZCTabBarController.swift */ = {isa = PBXFileReference; fileEncoding = 4; lastKnownFileType = sourcecode.swift; path = MZCTabBarController.swift; sourceTree = "<group>"; };
		27E2DCBE1D3F60B50080D995 /* MainVCSettings.json */ = {isa = PBXFileReference; fileEncoding = 4; lastKnownFileType = text.json; path = MainVCSettings.json; sourceTree = "<group>"; };
		27E2DCC41D3F813F0080D995 /* MZCTabBarView.swift */ = {isa = PBXFileReference; fileEncoding = 4; lastKnownFileType = sourcecode.swift; path = MZCTabBarView.swift; sourceTree = "<group>"; };
		27F03B1E1D62F2C800F61B73 /* MZCEmoticonTextView.swift */ = {isa = PBXFileReference; fileEncoding = 4; lastKnownFileType = sourcecode.swift; path = MZCEmoticonTextView.swift; sourceTree = "<group>"; };
		27F61EA71D47C60500B54231 /* MZCWelcomeViewController.swift */ = {isa = PBXFileReference; fileEncoding = 4; lastKnownFileType = sourcecode.swift; path = MZCWelcomeViewController.swift; sourceTree = "<group>"; };
		27F61EA81D47C60500B54231 /* MZCWelcomeViewController.xib */ = {isa = PBXFileReference; fileEncoding = 4; lastKnownFileType = file.xib; path = MZCWelcomeViewController.xib; sourceTree = "<group>"; };
		27FB00121D5D9DA100A49020 /* MZCBasePopManager.swift */ = {isa = PBXFileReference; fileEncoding = 4; lastKnownFileType = sourcecode.swift; path = MZCBasePopManager.swift; sourceTree = "<group>"; };
		27FB00131D5D9DA100A49020 /* MZCNavigationController.swift */ = {isa = PBXFileReference; fileEncoding = 4; lastKnownFileType = sourcecode.swift; path = MZCNavigationController.swift; sourceTree = "<group>"; };
		27FB00151D5D9DA100A49020 /* NSDate+MZCExtension.swift */ = {isa = PBXFileReference; fileEncoding = 4; lastKnownFileType = sourcecode.swift; path = "NSDate+MZCExtension.swift"; sourceTree = "<group>"; };
		27FB00161D5D9DA100A49020 /* NSObject+MZCExtension.swift */ = {isa = PBXFileReference; fileEncoding = 4; lastKnownFileType = sourcecode.swift; path = "NSObject+MZCExtension.swift"; sourceTree = "<group>"; };
		27FB00171D5D9DA100A49020 /* String+MZCExtension.swift */ = {isa = PBXFileReference; fileEncoding = 4; lastKnownFileType = sourcecode.swift; path = "String+MZCExtension.swift"; sourceTree = "<group>"; };
		27FB00181D5D9DA100A49020 /* UIBarButtonItem+MZCExtension.swift */ = {isa = PBXFileReference; fileEncoding = 4; lastKnownFileType = sourcecode.swift; path = "UIBarButtonItem+MZCExtension.swift"; sourceTree = "<group>"; };
		27FB00191D5D9DA100A49020 /* UIButton+MZCExtension.swift */ = {isa = PBXFileReference; fileEncoding = 4; lastKnownFileType = sourcecode.swift; path = "UIButton+MZCExtension.swift"; sourceTree = "<group>"; };
		27FB001A1D5D9DA100A49020 /* UIImage+MZCExtension.swift */ = {isa = PBXFileReference; fileEncoding = 4; lastKnownFileType = sourcecode.swift; path = "UIImage+MZCExtension.swift"; sourceTree = "<group>"; };
		27FB001B1D5D9DA100A49020 /* UIView+MZCExtension.swift */ = {isa = PBXFileReference; fileEncoding = 4; lastKnownFileType = sourcecode.swift; path = "UIView+MZCExtension.swift"; sourceTree = "<group>"; };
		27FB001C1D5D9DA100A49020 /* MZCGlobal.swift */ = {isa = PBXFileReference; fileEncoding = 4; lastKnownFileType = sourcecode.swift; path = MZCGlobal.swift; sourceTree = "<group>"; };
		27FB001E1D5D9DA100A49020 /* MZCHTTPSessionManager.swift */ = {isa = PBXFileReference; fileEncoding = 4; lastKnownFileType = sourcecode.swift; path = MZCHTTPSessionManager.swift; sourceTree = "<group>"; };
		27FB002E1D5DA03100A49020 /* MZCProgressHUD.swift */ = {isa = PBXFileReference; fileEncoding = 4; lastKnownFileType = sourcecode.swift; path = MZCProgressHUD.swift; sourceTree = "<group>"; };
		27FFCE8E1D43531A00775DF4 /* MZCScanAniView.swift */ = {isa = PBXFileReference; fileEncoding = 4; lastKnownFileType = sourcecode.swift; path = MZCScanAniView.swift; sourceTree = "<group>"; };
		27FFCE901D4353C800775DF4 /* MZCScanAniView.xib */ = {isa = PBXFileReference; fileEncoding = 4; lastKnownFileType = file.xib; path = MZCScanAniView.xib; sourceTree = "<group>"; };
		27FFCE941D43E3C600775DF4 /* MZCQRCode.swift */ = {isa = PBXFileReference; fileEncoding = 4; lastKnownFileType = sourcecode.swift; path = MZCQRCode.swift; sourceTree = "<group>"; };
		959D910E3A2A2B82AF4C424C /* Pods_MZCWB.framework */ = {isa = PBXFileReference; explicitFileType = wrapper.framework; includeInIndex = 0; path = Pods_MZCWB.framework; sourceTree = BUILT_PRODUCTS_DIR; };
		D380474B28758B530DCB20D0 /* Pods-MZCWB.debug.xcconfig */ = {isa = PBXFileReference; includeInIndex = 1; lastKnownFileType = text.xcconfig; name = "Pods-MZCWB.debug.xcconfig"; path = "Pods/Target Support Files/Pods-MZCWB/Pods-MZCWB.debug.xcconfig"; sourceTree = "<group>"; };
/* End PBXFileReference section */

/* Begin PBXFrameworksBuildPhase section */
		27140D611D3E5397003224EF /* Frameworks */ = {
			isa = PBXFrameworksBuildPhase;
			buildActionMask = 2147483647;
			files = (
				41E040E84DB278CE083153CE /* Pods_MZCWB.framework in Frameworks */,
			);
			runOnlyForDeploymentPostprocessing = 0;
		};
		27140D751D3E5397003224EF /* Frameworks */ = {
			isa = PBXFrameworksBuildPhase;
			buildActionMask = 2147483647;
			files = (
			);
			runOnlyForDeploymentPostprocessing = 0;
		};
		27140D801D3E5397003224EF /* Frameworks */ = {
			isa = PBXFrameworksBuildPhase;
			buildActionMask = 2147483647;
			files = (
			);
			runOnlyForDeploymentPostprocessing = 0;
		};
/* End PBXFrameworksBuildPhase section */

/* Begin PBXGroup section */
		27140D5B1D3E5397003224EF = {
			isa = PBXGroup;
			children = (
				27140D661D3E5397003224EF /* MZCWB */,
				27140D7B1D3E5397003224EF /* MZCWBTests */,
				27140D861D3E5397003224EF /* MZCWBUITests */,
				27140D651D3E5397003224EF /* Products */,
				7AEB6D62D51651FBA1070852 /* Pods */,
				CA60460C1E95CA3760E7B146 /* Frameworks */,
			);
			sourceTree = "<group>";
		};
		27140D651D3E5397003224EF /* Products */ = {
			isa = PBXGroup;
			children = (
				27140D641D3E5397003224EF /* MZCWB.app */,
				27140D781D3E5397003224EF /* MZCWBTests.xctest */,
				27140D831D3E5397003224EF /* MZCWBUITests.xctest */,
			);
			name = Products;
			sourceTree = "<group>";
		};
		27140D661D3E5397003224EF /* MZCWB */ = {
			isa = PBXGroup;
			children = (
				27D5C6121D3E6A3E00854F55 /* Classes */,
				27D5C6111D3E6A3300854F55 /* Supporting Files */,
			);
			path = MZCWB;
			sourceTree = "<group>";
		};
		27140D7B1D3E5397003224EF /* MZCWBTests */ = {
			isa = PBXGroup;
			children = (
				27140D7C1D3E5397003224EF /* MZCWBTests.swift */,
				27140D7E1D3E5397003224EF /* Info.plist */,
			);
			path = MZCWBTests;
			sourceTree = "<group>";
		};
		27140D861D3E5397003224EF /* MZCWBUITests */ = {
			isa = PBXGroup;
			children = (
				27140D871D3E5397003224EF /* MZCWBUITests.swift */,
				27140D891D3E5397003224EF /* Info.plist */,
			);
			path = MZCWBUITests;
			sourceTree = "<group>";
		};
		27232AF21D6CACB400DE31A1 /* 解析器 */ = {
			isa = PBXGroup;
			children = (
				27232AF31D6CACB400DE31A1 /* MZCParseMutableAttributedString.swift */,
			);
			path = "解析器";
			sourceTree = "<group>";
		};
		2735F5F71D44DDF4000C3FA5 /* login- 登录相关 */ = {
			isa = PBXGroup;
			children = (
				2735F5F81D44DDF4000C3FA5 /* Controller */,
				2735F6011D44DDF4000C3FA5 /* Mode */,
				2735F6021D44DDF4000C3FA5 /* View */,
			);
			path = "login- 登录相关";
			sourceTree = "<group>";
		};
		2735F5F81D44DDF4000C3FA5 /* Controller */ = {
			isa = PBXGroup;
			children = (
				2735F5FB1D44DDF4000C3FA5 /* SetupLoginUIStratagy */,
				2735F5F91D44DDF4000C3FA5 /* MZCLoginViewController.swift */,
				2735F5FA1D44DDF4000C3FA5 /* MZCLoginViewController.xib */,
				2735F60E1D450CFA000C3FA5 /* MZCTokenLoginWebViewController.swift */,
				27B7344B1D46869D00ABE27F /* MZCLoginTabBarViewController.swift */,
				27B7344D1D4688AA00ABE27F /* MZCNewVersionCollectionViewController.swift */,
				27F61EA71D47C60500B54231 /* MZCWelcomeViewController.swift */,
				27F61EA81D47C60500B54231 /* MZCWelcomeViewController.xib */,
			);
			path = Controller;
			sourceTree = "<group>";
		};
		2735F5FB1D44DDF4000C3FA5 /* SetupLoginUIStratagy */ = {
			isa = PBXGroup;
			children = (
				2735F5FD1D44DDF4000C3FA5 /* MZCSetupUILoginBase.swift */,
				2735F5FC1D44DDF4000C3FA5 /* MZCSetupUIHome.swift */,
				2735F5FE1D44DDF4000C3FA5 /* MZCSetupUIMe.swift */,
				2735F5FF1D44DDF4000C3FA5 /* MZCSetupUIMessage.swift */,
				2735F6001D44DDF4000C3FA5 /* MZCSetupUIPlaza.swift */,
			);
			path = SetupLoginUIStratagy;
			sourceTree = "<group>";
		};
		2735F6011D44DDF4000C3FA5 /* Mode */ = {
			isa = PBXGroup;
			children = (
				2756A53B1D456E2D0051155F /* MZCAccountTokenMode.swift */,
			);
			path = Mode;
			sourceTree = "<group>";
		};
		2735F6021D44DDF4000C3FA5 /* View */ = {
			isa = PBXGroup;
			children = (
				27B7344F1D46908B00ABE27F /* MZCNewVersionCollectionViewCell.swift */,
				27B734501D46908B00ABE27F /* MZCNewVersionCollectionViewCell.xib */,
			);
			path = View;
			sourceTree = "<group>";
		};
		2741B3FD1D4287ED003DAD8B /* Other */ = {
			isa = PBXGroup;
			children = (
			);
			path = Other;
			sourceTree = "<group>";
		};
		2741B4001D42882F003DAD8B /* Controller */ = {
			isa = PBXGroup;
			children = (
				2777E9D21D5CCD0A00BA5BE2 /* MZCHomeTableViewController.swift */,
				27C9A57A1D5AC4A600B91DCC /* MZCHomeImageBrowserCollectionViewController.swift */,
				2741B4021D42882F003DAD8B /* MZCHomePopViewController.xib */,
				27C9A5761D5AB9FA00B91DCC /* MZCHomePopViewController.swift */,
			);
			path = Controller;
			sourceTree = "<group>";
		};
		2741B4071D42A982003DAD8B /* Scan */ = {
			isa = PBXGroup;
			children = (
				2741B4081D42A982003DAD8B /* Controller */,
				2741B4091D42A982003DAD8B /* Other */,
				2741B40A1D42A982003DAD8B /* View */,
			);
			path = Scan;
			sourceTree = "<group>";
		};
		2741B4081D42A982003DAD8B /* Controller */ = {
			isa = PBXGroup;
			children = (
				2797923D1D42CC6E00EB604D /* MZCScanViewController.swift */,
				2797923E1D42CC6E00EB604D /* MZCScanViewController.xib */,
			);
			path = Controller;
			sourceTree = "<group>";
		};
		2741B4091D42A982003DAD8B /* Other */ = {
			isa = PBXGroup;
			children = (
				27FFCE941D43E3C600775DF4 /* MZCQRCode.swift */,
			);
			path = Other;
			sourceTree = "<group>";
		};
		2741B40A1D42A982003DAD8B /* View */ = {
			isa = PBXGroup;
			children = (
				27FFCE8E1D43531A00775DF4 /* MZCScanAniView.swift */,
				27FFCE901D4353C800775DF4 /* MZCScanAniView.xib */,
			);
			path = View;
			sourceTree = "<group>";
		};
		275512E81D40928E002508E8 /* View */ = {
			isa = PBXGroup;
			children = (
				2777E9D41D5CCD8E00BA5BE2 /* MZCHomeChartletCollectionView.swift */,
				275512E91D40929D002508E8 /* MZCHomeTitleButton.swift */,
				27E181891D4CA650009D45A3 /* MZCHomeTableViewCell.swift */,
				27E1818A1D4CA650009D45A3 /* MZCHomeTableViewCell.xib */,
				2790F39E1D56EE1500C33CB6 /* MZCHomeChartletMiddleView.swift */,
				2790F3A01D56EE2B00C33CB6 /* MZCHomeChartletMiddleView.xib */,
				2790F3A21D56EE4700C33CB6 /* MZCHomeForwardMiddleView.swift */,
				2790F3A41D56EE5D00C33CB6 /* MZCHomeForwardMiddleView.xib */,
				278531471D589BE9002A4609 /* MZCHomeImageBrowserCell.swift */,
				27C60EAD1D595764000E7E66 /* MZCHomeImageBrowserCell.xib */,
			);
			path = View;
			sourceTree = "<group>";
		};
		2777E9E61D5CD65D00BA5BE2 /* Controller */ = {
			isa = PBXGroup;
			children = (
				27C6A8991D5F9479005E8960 /* MZCMessageTableViewController.swift */,
				27C6A89A1D5F9479005E8960 /* MZCMessageTableViewController.xib */,
			);
			path = Controller;
			sourceTree = "<group>";
		};
		2777E9E81D5CD65D00BA5BE2 /* Mode */ = {
			isa = PBXGroup;
			children = (
			);
			path = Mode;
			sourceTree = "<group>";
		};
		2777E9E91D5CD65D00BA5BE2 /* View */ = {
			isa = PBXGroup;
			children = (
			);
			path = View;
			sourceTree = "<group>";
		};
		27B734441D46060E00ABE27F /* Mode */ = {
			isa = PBXGroup;
			children = (
				27B734451D46061800ABE27F /* MZCUserMode.swift */,
			);
			path = Mode;
			sourceTree = "<group>";
		};
		27C3663E1D4B385000481D8F /* Mode */ = {
			isa = PBXGroup;
			children = (
				27C3663F1D4B389400481D8F /* MZCHomeMode.swift */,
				27E181901D4CCFD0009D45A3 /* MZCHomeViewMode.swift */,
				27E181921D4CE861009D45A3 /* MZCTimeDelegate.swift */,
			);
			path = Mode;
			sourceTree = "<group>";
		};
		27C6A8751D5F830E005E8960 /* EmoticonKeyboard */ = {
			isa = PBXGroup;
			children = (
				27232AF21D6CACB400DE31A1 /* 解析器 */,
				27C6A8761D5F830E005E8960 /* Controller */,
				27C6A8791D5F830E005E8960 /* Mode */,
				27C6A87C1D5F830E005E8960 /* View */,
			);
			path = EmoticonKeyboard;
			sourceTree = "<group>";
		};
		27C6A8761D5F830E005E8960 /* Controller */ = {
			isa = PBXGroup;
			children = (
				27C6A8771D5F830E005E8960 /* MZCKeyboardEmoticonViewController.swift */,
				27C6A8781D5F830E005E8960 /* MZCKeyboardEmoticonViewController.xib */,
			);
			path = Controller;
			sourceTree = "<group>";
		};
		27C6A8791D5F830E005E8960 /* Mode */ = {
			isa = PBXGroup;
			children = (
				27C6A87A1D5F830E005E8960 /* MZCEmoticonGroup.swift */,
				27C6A87B1D5F830E005E8960 /* MZCEmoticonMode.swift */,
			);
			path = Mode;
			sourceTree = "<group>";
		};
		27C6A87C1D5F830E005E8960 /* View */ = {
			isa = PBXGroup;
			children = (
				27F03B1E1D62F2C800F61B73 /* MZCEmoticonTextView.swift */,
				27C6A87D1D5F830E005E8960 /* MZCKeyboardEmoticonCell.swift */,
				27C6A87E1D5F830E005E8960 /* MZCKeyboardEmoticonCell.xib */,
			);
			path = View;
			sourceTree = "<group>";
		};
		27C6A88D1D5F8FD9005E8960 /* SendTwitter-发微博 */ = {
			isa = PBXGroup;
			children = (
				27C6A88E1D5F8FD9005E8960 /* Controller */,
				27C6A8911D5F8FD9005E8960 /* Mode */,
				27C6A8921D5F8FD9005E8960 /* View */,
			);
			path = "SendTwitter-发微博";
			sourceTree = "<group>";
		};
		27C6A88E1D5F8FD9005E8960 /* Controller */ = {
			isa = PBXGroup;
			children = (
				27C6A8A11D5F974C005E8960 /* MZCEditMessageViewController.swift */,
				27C6A8A21D5F974C005E8960 /* MZCEditMessageViewController.xib */,
				2708FC601D64E04A009D4BBF /* MZCEditMessagePictureCollectionViewController.swift */,
			);
			path = Controller;
			sourceTree = "<group>";
		};
		27C6A8911D5F8FD9005E8960 /* Mode */ = {
			isa = PBXGroup;
			children = (
			);
			path = Mode;
			sourceTree = "<group>";
		};
		27C6A8921D5F8FD9005E8960 /* View */ = {
			isa = PBXGroup;
			children = (
				27C6A8941D5F8FD9005E8960 /* MZCEditMessageCustomNavTitleView.swift */,
				27ABDC471D65937A005AC550 /* MZCEditMessagePictureCollectionViewCell.swift */,
				27ABDC481D65937A005AC550 /* MZCEditMessagePictureCollectionViewCell.xib */,
			);
			path = View;
			sourceTree = "<group>";
		};
		27C9A5731D5AB72A00B91DCC /* Manager */ = {
			isa = PBXGroup;
			children = (
				2777E9CE1D5CCCDE00BA5BE2 /* MZCHomePopImageBrowserManager.swift */,
				2777E9CF1D5CCCDE00BA5BE2 /* MZCHomePopUserInfoManager.swift */,
			);
			path = Manager;
			sourceTree = "<group>";
		};
		27D5C6111D3E6A3300854F55 /* Supporting Files */ = {
			isa = PBXGroup;
			children = (
				27140D6E1D3E5397003224EF /* Assets.xcassets */,
				27140D701D3E5397003224EF /* LaunchScreen.storyboard */,
				27140D731D3E5397003224EF /* Info.plist */,
			);
			name = "Supporting Files";
			sourceTree = "<group>";
		};
		27D5C6121D3E6A3E00854F55 /* Classes */ = {
			isa = PBXGroup;
			children = (
				2735F5F71D44DDF4000C3FA5 /* login- 登录相关 */,
				27E2DC9D1D3F48A00080D995 /* Home-首页 */,
				27E2DCA11D3F48A00080D995 /* Me-我 */,
				27E2DCA51D3F48A00080D995 /* Message-消息 */,
				27E2DCA91D3F48A00080D995 /* Plaza-广场 */,
				27C6A88D1D5F8FD9005E8960 /* SendTwitter-发微博 */,
				27D5C6131D3E6A3E00854F55 /* Other */,
			);
			path = Classes;
			sourceTree = "<group>";
		};
		27D5C6131D3E6A3E00854F55 /* Other */ = {
			isa = PBXGroup;
			children = (
				27FB00101D5D9DA100A49020 /* Tool */,
				27E2DCBD1D3F60B50080D995 /* Resource */,
				27E2DC971D3F29B50080D995 /* Controller */,
				27E2DC991D3F29B50080D995 /* View */,
				27B734441D46060E00ABE27F /* Mode */,
				27D5C6141D3E6A3E00854F55 /* AppDelegate.swift */,
			);
			path = Other;
			sourceTree = "<group>";
		};
		27E2DC971D3F29B50080D995 /* Controller */ = {
			isa = PBXGroup;
			children = (
				27E2DCBB1D3F49660080D995 /* MZCTabBarController.swift */,
				27B734491D46854200ABE27F /* MZCBaseTabBarViewController.swift */,
			);
			path = Controller;
			sourceTree = "<group>";
		};
		27E2DC991D3F29B50080D995 /* View */ = {
			isa = PBXGroup;
			children = (
				27B5D8CD1D55960E00567DDB /* MZCRefreshStateHeader.swift */,
				27E2DCC41D3F813F0080D995 /* MZCTabBarView.swift */,
				27198BA91D55B0EE00188568 /* MZCNoMoreDataTipsView.swift */,
				27198BAB1D55D42E00188568 /* MZCRefreshAutoFooter.swift */,
			);
			path = View;
			sourceTree = "<group>";
		};
		27E2DC9D1D3F48A00080D995 /* Home-首页 */ = {
			isa = PBXGroup;
			children = (
				27C9A5731D5AB72A00B91DCC /* Manager */,
				2741B4071D42A982003DAD8B /* Scan */,
				2741B3FD1D4287ED003DAD8B /* Other */,
				2741B4001D42882F003DAD8B /* Controller */,
				275512E81D40928E002508E8 /* View */,
				27C3663E1D4B385000481D8F /* Mode */,
			);
			path = "Home-首页";
			sourceTree = "<group>";
		};
		27E2DCA11D3F48A00080D995 /* Me-我 */ = {
			isa = PBXGroup;
			children = (
				27E2DCA21D3F48A00080D995 /* Controller */,
				27E2DCA31D3F48A00080D995 /* Mode */,
				27E2DCA41D3F48A00080D995 /* View */,
			);
			path = "Me-我";
			sourceTree = "<group>";
		};
		27E2DCA21D3F48A00080D995 /* Controller */ = {
			isa = PBXGroup;
			children = (
				27E2DCB31D3F48EC0080D995 /* MZCMeTableViewController.swift */,
			);
			path = Controller;
			sourceTree = "<group>";
		};
		27E2DCA31D3F48A00080D995 /* Mode */ = {
			isa = PBXGroup;
			children = (
			);
			path = Mode;
			sourceTree = "<group>";
		};
		27E2DCA41D3F48A00080D995 /* View */ = {
			isa = PBXGroup;
			children = (
			);
			path = View;
			sourceTree = "<group>";
		};
		27E2DCA51D3F48A00080D995 /* Message-消息 */ = {
			isa = PBXGroup;
			children = (
				2777E9E61D5CD65D00BA5BE2 /* Controller */,
				2777E9E81D5CD65D00BA5BE2 /* Mode */,
				2777E9E91D5CD65D00BA5BE2 /* View */,
			);
			path = "Message-消息";
			sourceTree = "<group>";
		};
		27E2DCA91D3F48A00080D995 /* Plaza-广场 */ = {
			isa = PBXGroup;
			children = (
				27E2DCAA1D3F48A00080D995 /* Controller */,
				27E2DCAB1D3F48A00080D995 /* Mode */,
				27E2DCAC1D3F48A00080D995 /* View */,
			);
			path = "Plaza-广场";
			sourceTree = "<group>";
		};
		27E2DCAA1D3F48A00080D995 /* Controller */ = {
			isa = PBXGroup;
			children = (
				27E2DCB71D3F490A0080D995 /* MZCPlazaTableViewController.swift */,
			);
			path = Controller;
			sourceTree = "<group>";
		};
		27E2DCAB1D3F48A00080D995 /* Mode */ = {
			isa = PBXGroup;
			children = (
			);
			path = Mode;
			sourceTree = "<group>";
		};
		27E2DCAC1D3F48A00080D995 /* View */ = {
			isa = PBXGroup;
			children = (
			);
			path = View;
			sourceTree = "<group>";
		};
		27E2DCBD1D3F60B50080D995 /* Resource */ = {
			isa = PBXGroup;
			children = (
				27C6A8891D5F8593005E8960 /* Emoticons.bundle */,
				27E2DCBE1D3F60B50080D995 /* MainVCSettings.json */,
			);
			path = Resource;
			sourceTree = "<group>";
		};
		27FB00101D5D9DA100A49020 /* Tool */ = {
			isa = PBXGroup;
			children = (
				27C6A8751D5F830E005E8960 /* EmoticonKeyboard */,
				27FB00111D5D9DA100A49020 /* Base */,
				27FB00141D5D9DA100A49020 /* Extension */,
				27FB001D1D5D9DA100A49020 /* NetWork */,
				27FB00211D5D9DA100A49020 /* ProgressHUD */,
				27FB001C1D5D9DA100A49020 /* MZCGlobal.swift */,
			);
			path = Tool;
			sourceTree = "<group>";
		};
		27FB00111D5D9DA100A49020 /* Base */ = {
			isa = PBXGroup;
			children = (
				27FB00121D5D9DA100A49020 /* MZCBasePopManager.swift */,
				27FB00131D5D9DA100A49020 /* MZCNavigationController.swift */,
			);
			path = Base;
			sourceTree = "<group>";
		};
		27FB00141D5D9DA100A49020 /* Extension */ = {
			isa = PBXGroup;
			children = (
				27C6A8531D5F7DCB005E8960 /* NSBundle+MZCExtension.swift */,
				27FB00151D5D9DA100A49020 /* NSDate+MZCExtension.swift */,
				27FB00161D5D9DA100A49020 /* NSObject+MZCExtension.swift */,
				27FB00171D5D9DA100A49020 /* String+MZCExtension.swift */,
				27FB00181D5D9DA100A49020 /* UIBarButtonItem+MZCExtension.swift */,
				27FB00191D5D9DA100A49020 /* UIButton+MZCExtension.swift */,
				27FB001A1D5D9DA100A49020 /* UIImage+MZCExtension.swift */,
				27FB001B1D5D9DA100A49020 /* UIView+MZCExtension.swift */,
			);
			path = Extension;
			sourceTree = "<group>";
		};
		27FB001D1D5D9DA100A49020 /* NetWork */ = {
			isa = PBXGroup;
			children = (
				27FB001E1D5D9DA100A49020 /* MZCHTTPSessionManager.swift */,
			);
			path = NetWork;
			sourceTree = "<group>";
		};
		27FB00211D5D9DA100A49020 /* ProgressHUD */ = {
			isa = PBXGroup;
			children = (
				27FB002E1D5DA03100A49020 /* MZCProgressHUD.swift */,
			);
			path = ProgressHUD;
			sourceTree = "<group>";
		};
		7AEB6D62D51651FBA1070852 /* Pods */ = {
			isa = PBXGroup;
			children = (
				D380474B28758B530DCB20D0 /* Pods-MZCWB.debug.xcconfig */,
				1602D8B090804EAE840C7D47 /* Pods-MZCWB.release.xcconfig */,
			);
			name = Pods;
			sourceTree = "<group>";
		};
		CA60460C1E95CA3760E7B146 /* Frameworks */ = {
			isa = PBXGroup;
			children = (
				959D910E3A2A2B82AF4C424C /* Pods_MZCWB.framework */,
			);
			name = Frameworks;
			sourceTree = "<group>";
		};
/* End PBXGroup section */

/* Begin PBXNativeTarget section */
		27140D631D3E5397003224EF /* MZCWB */ = {
			isa = PBXNativeTarget;
			buildConfigurationList = 27140D8C1D3E5397003224EF /* Build configuration list for PBXNativeTarget "MZCWB" */;
			buildPhases = (
				3CDE11E7BA7D675779E7B194 /* 📦 Check Pods Manifest.lock */,
				27140D601D3E5397003224EF /* Sources */,
				27140D611D3E5397003224EF /* Frameworks */,
				27140D621D3E5397003224EF /* Resources */,
				11A1A5C072DBA55E2B2F1746 /* 📦 Embed Pods Frameworks */,
				79769CE01FB18685BBE02B56 /* 📦 Copy Pods Resources */,
			);
			buildRules = (
			);
			dependencies = (
			);
			name = MZCWB;
			productName = MZCWB;
			productReference = 27140D641D3E5397003224EF /* MZCWB.app */;
			productType = "com.apple.product-type.application";
		};
		27140D771D3E5397003224EF /* MZCWBTests */ = {
			isa = PBXNativeTarget;
			buildConfigurationList = 27140D8F1D3E5397003224EF /* Build configuration list for PBXNativeTarget "MZCWBTests" */;
			buildPhases = (
				27140D741D3E5397003224EF /* Sources */,
				27140D751D3E5397003224EF /* Frameworks */,
				27140D761D3E5397003224EF /* Resources */,
			);
			buildRules = (
			);
			dependencies = (
				27140D7A1D3E5397003224EF /* PBXTargetDependency */,
			);
			name = MZCWBTests;
			productName = MZCWBTests;
			productReference = 27140D781D3E5397003224EF /* MZCWBTests.xctest */;
			productType = "com.apple.product-type.bundle.unit-test";
		};
		27140D821D3E5397003224EF /* MZCWBUITests */ = {
			isa = PBXNativeTarget;
			buildConfigurationList = 27140D921D3E5397003224EF /* Build configuration list for PBXNativeTarget "MZCWBUITests" */;
			buildPhases = (
				27140D7F1D3E5397003224EF /* Sources */,
				27140D801D3E5397003224EF /* Frameworks */,
				27140D811D3E5397003224EF /* Resources */,
			);
			buildRules = (
			);
			dependencies = (
				27140D851D3E5397003224EF /* PBXTargetDependency */,
			);
			name = MZCWBUITests;
			productName = MZCWBUITests;
			productReference = 27140D831D3E5397003224EF /* MZCWBUITests.xctest */;
			productType = "com.apple.product-type.bundle.ui-testing";
		};
/* End PBXNativeTarget section */

/* Begin PBXProject section */
		27140D5C1D3E5397003224EF /* Project object */ = {
			isa = PBXProject;
			attributes = {
				CLASSPREFIX = MZC;
				LastSwiftUpdateCheck = 0730;
				LastUpgradeCheck = 0730;
				ORGANIZATIONNAME = "马纵驰";
				TargetAttributes = {
					27140D631D3E5397003224EF = {
						CreatedOnToolsVersion = 7.3.1;
					};
					27140D771D3E5397003224EF = {
						CreatedOnToolsVersion = 7.3.1;
						TestTargetID = 27140D631D3E5397003224EF;
					};
					27140D821D3E5397003224EF = {
						CreatedOnToolsVersion = 7.3.1;
						TestTargetID = 27140D631D3E5397003224EF;
					};
				};
			};
			buildConfigurationList = 27140D5F1D3E5397003224EF /* Build configuration list for PBXProject "MZCWB" */;
			compatibilityVersion = "Xcode 3.2";
			developmentRegion = English;
			hasScannedForEncodings = 0;
			knownRegions = (
				en,
				Base,
			);
			mainGroup = 27140D5B1D3E5397003224EF;
			productRefGroup = 27140D651D3E5397003224EF /* Products */;
			projectDirPath = "";
			projectRoot = "";
			targets = (
				27140D631D3E5397003224EF /* MZCWB */,
				27140D771D3E5397003224EF /* MZCWBTests */,
				27140D821D3E5397003224EF /* MZCWBUITests */,
			);
		};
/* End PBXProject section */

/* Begin PBXResourcesBuildPhase section */
		27140D621D3E5397003224EF /* Resources */ = {
			isa = PBXResourcesBuildPhase;
			buildActionMask = 2147483647;
			files = (
				2735F6041D44DDF4000C3FA5 /* MZCLoginViewController.xib in Resources */,
				27140D721D3E5397003224EF /* LaunchScreen.storyboard in Resources */,
				27FFCE911D4353C800775DF4 /* MZCScanAniView.xib in Resources */,
				279792401D42CC6E00EB604D /* MZCScanViewController.xib in Resources */,
				27C6A89C1D5F9479005E8960 /* MZCMessageTableViewController.xib in Resources */,
				27C6A8841D5F830E005E8960 /* MZCKeyboardEmoticonCell.xib in Resources */,
				27140D6F1D3E5397003224EF /* Assets.xcassets in Resources */,
				27F61EAA1D47C60500B54231 /* MZCWelcomeViewController.xib in Resources */,
				27C6A88A1D5F8593005E8960 /* Emoticons.bundle in Resources */,
				27B734521D46908B00ABE27F /* MZCNewVersionCollectionViewCell.xib in Resources */,
				27E1818C1D4CA650009D45A3 /* MZCHomeTableViewCell.xib in Resources */,
				27E2DCBF1D3F60B50080D995 /* MainVCSettings.json in Resources */,
				27C6A8801D5F830E005E8960 /* MZCKeyboardEmoticonViewController.xib in Resources */,
				2790F3A51D56EE5D00C33CB6 /* MZCHomeForwardMiddleView.xib in Resources */,
				27C6A8A41D5F974C005E8960 /* MZCEditMessageViewController.xib in Resources */,
				27C60EAE1D595764000E7E66 /* MZCHomeImageBrowserCell.xib in Resources */,
				2790F3A11D56EE2B00C33CB6 /* MZCHomeChartletMiddleView.xib in Resources */,
				2741B4051D42882F003DAD8B /* MZCHomePopViewController.xib in Resources */,
				27ABDC4A1D65937A005AC550 /* MZCEditMessagePictureCollectionViewCell.xib in Resources */,
			);
			runOnlyForDeploymentPostprocessing = 0;
		};
		27140D761D3E5397003224EF /* Resources */ = {
			isa = PBXResourcesBuildPhase;
			buildActionMask = 2147483647;
			files = (
			);
			runOnlyForDeploymentPostprocessing = 0;
		};
		27140D811D3E5397003224EF /* Resources */ = {
			isa = PBXResourcesBuildPhase;
			buildActionMask = 2147483647;
			files = (
			);
			runOnlyForDeploymentPostprocessing = 0;
		};
/* End PBXResourcesBuildPhase section */

/* Begin PBXShellScriptBuildPhase section */
		11A1A5C072DBA55E2B2F1746 /* 📦 Embed Pods Frameworks */ = {
			isa = PBXShellScriptBuildPhase;
			buildActionMask = 2147483647;
			files = (
			);
			inputPaths = (
			);
			name = "📦 Embed Pods Frameworks";
			outputPaths = (
			);
			runOnlyForDeploymentPostprocessing = 0;
			shellPath = /bin/sh;
			shellScript = "\"${SRCROOT}/Pods/Target Support Files/Pods-MZCWB/Pods-MZCWB-frameworks.sh\"\n";
			showEnvVarsInLog = 0;
		};
		3CDE11E7BA7D675779E7B194 /* 📦 Check Pods Manifest.lock */ = {
			isa = PBXShellScriptBuildPhase;
			buildActionMask = 2147483647;
			files = (
			);
			inputPaths = (
			);
			name = "📦 Check Pods Manifest.lock";
			outputPaths = (
			);
			runOnlyForDeploymentPostprocessing = 0;
			shellPath = /bin/sh;
			shellScript = "diff \"${PODS_ROOT}/../Podfile.lock\" \"${PODS_ROOT}/Manifest.lock\" > /dev/null\nif [[ $? != 0 ]] ; then\n    cat << EOM\nerror: The sandbox is not in sync with the Podfile.lock. Run 'pod install' or update your CocoaPods installation.\nEOM\n    exit 1\nfi\n";
			showEnvVarsInLog = 0;
		};
		79769CE01FB18685BBE02B56 /* 📦 Copy Pods Resources */ = {
			isa = PBXShellScriptBuildPhase;
			buildActionMask = 2147483647;
			files = (
			);
			inputPaths = (
			);
			name = "📦 Copy Pods Resources";
			outputPaths = (
			);
			runOnlyForDeploymentPostprocessing = 0;
			shellPath = /bin/sh;
			shellScript = "\"${SRCROOT}/Pods/Target Support Files/Pods-MZCWB/Pods-MZCWB-resources.sh\"\n";
			showEnvVarsInLog = 0;
		};
/* End PBXShellScriptBuildPhase section */

/* Begin PBXSourcesBuildPhase section */
		27140D601D3E5397003224EF /* Sources */ = {
			isa = PBXSourcesBuildPhase;
			buildActionMask = 2147483647;
			files = (
				27E1818B1D4CA650009D45A3 /* MZCHomeTableViewCell.swift in Sources */,
				27FB002C1D5D9DA100A49020 /* MZCHTTPSessionManager.swift in Sources */,
				27F61EA91D47C60500B54231 /* MZCWelcomeViewController.swift in Sources */,
				27FB002A1D5D9DA100A49020 /* UIView+MZCExtension.swift in Sources */,
				2735F6061D44DDF4000C3FA5 /* MZCSetupUILoginBase.swift in Sources */,
				27FB00271D5D9DA100A49020 /* UIBarButtonItem+MZCExtension.swift in Sources */,
				278531481D589BE9002A4609 /* MZCHomeImageBrowserCell.swift in Sources */,
				27B5D8CE1D55960E00567DDB /* MZCRefreshStateHeader.swift in Sources */,
				27198BAA1D55B0EE00188568 /* MZCNoMoreDataTipsView.swift in Sources */,
				27B7344E1D4688AA00ABE27F /* MZCNewVersionCollectionViewController.swift in Sources */,
				27C6A8821D5F830E005E8960 /* MZCEmoticonMode.swift in Sources */,
				27B734511D46908B00ABE27F /* MZCNewVersionCollectionViewCell.swift in Sources */,
				2790F39F1D56EE1500C33CB6 /* MZCHomeChartletMiddleView.swift in Sources */,
				2708FC611D64E04A009D4BBF /* MZCEditMessagePictureCollectionViewController.swift in Sources */,
				27B7344C1D46869D00ABE27F /* MZCLoginTabBarViewController.swift in Sources */,
				27FB00241D5D9DA100A49020 /* NSDate+MZCExtension.swift in Sources */,
				27E2DCB81D3F490A0080D995 /* MZCPlazaTableViewController.swift in Sources */,
				27C6A89B1D5F9479005E8960 /* MZCMessageTableViewController.swift in Sources */,
				27FB002B1D5D9DA100A49020 /* MZCGlobal.swift in Sources */,
				27B7344A1D46854200ABE27F /* MZCBaseTabBarViewController.swift in Sources */,
				27D5C6151D3E6A3E00854F55 /* AppDelegate.swift in Sources */,
				2797923F1D42CC6E00EB604D /* MZCScanViewController.swift in Sources */,
				27C6A8A31D5F974C005E8960 /* MZCEditMessageViewController.swift in Sources */,
				2735F6081D44DDF4000C3FA5 /* MZCSetupUIMessage.swift in Sources */,
				27FB00281D5D9DA100A49020 /* UIButton+MZCExtension.swift in Sources */,
				27FB00291D5D9DA100A49020 /* UIImage+MZCExtension.swift in Sources */,
				27E181911D4CCFD0009D45A3 /* MZCHomeViewMode.swift in Sources */,
				2735F6031D44DDF4000C3FA5 /* MZCLoginViewController.swift in Sources */,
				2777E9D31D5CCD0A00BA5BE2 /* MZCHomeTableViewController.swift in Sources */,
				27E2DCB41D3F48EC0080D995 /* MZCMeTableViewController.swift in Sources */,
				2777E9D01D5CCCDE00BA5BE2 /* MZCHomePopImageBrowserManager.swift in Sources */,
				27FFCE951D43E3C600775DF4 /* MZCQRCode.swift in Sources */,
				27E2DCC51D3F813F0080D995 /* MZCTabBarView.swift in Sources */,
				27C9A57B1D5AC4A600B91DCC /* MZCHomeImageBrowserCollectionViewController.swift in Sources */,
				27198BAC1D55D42E00188568 /* MZCRefreshAutoFooter.swift in Sources */,
				27C6A8811D5F830E005E8960 /* MZCEmoticonGroup.swift in Sources */,
				27C6A87F1D5F830E005E8960 /* MZCKeyboardEmoticonViewController.swift in Sources */,
				2735F60F1D450CFA000C3FA5 /* MZCTokenLoginWebViewController.swift in Sources */,
				27FB00261D5D9DA100A49020 /* String+MZCExtension.swift in Sources */,
				2735F6071D44DDF4000C3FA5 /* MZCSetupUIMe.swift in Sources */,
				27F03B1F1D62F2C800F61B73 /* MZCEmoticonTextView.swift in Sources */,
				27FB00221D5D9DA100A49020 /* MZCBasePopManager.swift in Sources */,
				2790F3A31D56EE4700C33CB6 /* MZCHomeForwardMiddleView.swift in Sources */,
				27C9A5771D5AB9FA00B91DCC /* MZCHomePopViewController.swift in Sources */,
				27232AF41D6CACB400DE31A1 /* MZCParseMutableAttributedString.swift in Sources */,
				27FB002F1D5DA03100A49020 /* MZCProgressHUD.swift in Sources */,
				27FB00231D5D9DA100A49020 /* MZCNavigationController.swift in Sources */,
				27FFCE8F1D43531A00775DF4 /* MZCScanAniView.swift in Sources */,
				27B734461D46061800ABE27F /* MZCUserMode.swift in Sources */,
				2756A53C1D456E2D0051155F /* MZCAccountTokenMode.swift in Sources */,
				27FB00251D5D9DA100A49020 /* NSObject+MZCExtension.swift in Sources */,
				275512EA1D40929D002508E8 /* MZCHomeTitleButton.swift in Sources */,
				2735F6051D44DDF4000C3FA5 /* MZCSetupUIHome.swift in Sources */,
				27C6A8541D5F7DCB005E8960 /* NSBundle+MZCExtension.swift in Sources */,
				2777E9D11D5CCCDE00BA5BE2 /* MZCHomePopUserInfoManager.swift in Sources */,
				27ABDC491D65937A005AC550 /* MZCEditMessagePictureCollectionViewCell.swift in Sources */,
				2777E9D51D5CCD8E00BA5BE2 /* MZCHomeChartletCollectionView.swift in Sources */,
				27E181931D4CE861009D45A3 /* MZCTimeDelegate.swift in Sources */,
				27E2DCBC1D3F49660080D995 /* MZCTabBarController.swift in Sources */,
				2735F6091D44DDF4000C3FA5 /* MZCSetupUIPlaza.swift in Sources */,
				27C6A8981D5F8FD9005E8960 /* MZCEditMessageCustomNavTitleView.swift in Sources */,
				27C6A8831D5F830E005E8960 /* MZCKeyboardEmoticonCell.swift in Sources */,
				27C366401D4B389400481D8F /* MZCHomeMode.swift in Sources */,
			);
			runOnlyForDeploymentPostprocessing = 0;
		};
		27140D741D3E5397003224EF /* Sources */ = {
			isa = PBXSourcesBuildPhase;
			buildActionMask = 2147483647;
			files = (
				27140D7D1D3E5397003224EF /* MZCWBTests.swift in Sources */,
			);
			runOnlyForDeploymentPostprocessing = 0;
		};
		27140D7F1D3E5397003224EF /* Sources */ = {
			isa = PBXSourcesBuildPhase;
			buildActionMask = 2147483647;
			files = (
				27140D881D3E5397003224EF /* MZCWBUITests.swift in Sources */,
			);
			runOnlyForDeploymentPostprocessing = 0;
		};
/* End PBXSourcesBuildPhase section */

/* Begin PBXTargetDependency section */
		27140D7A1D3E5397003224EF /* PBXTargetDependency */ = {
			isa = PBXTargetDependency;
			target = 27140D631D3E5397003224EF /* MZCWB */;
			targetProxy = 27140D791D3E5397003224EF /* PBXContainerItemProxy */;
		};
		27140D851D3E5397003224EF /* PBXTargetDependency */ = {
			isa = PBXTargetDependency;
			target = 27140D631D3E5397003224EF /* MZCWB */;
			targetProxy = 27140D841D3E5397003224EF /* PBXContainerItemProxy */;
		};
/* End PBXTargetDependency section */

/* Begin PBXVariantGroup section */
		27140D701D3E5397003224EF /* LaunchScreen.storyboard */ = {
			isa = PBXVariantGroup;
			children = (
				27140D711D3E5397003224EF /* Base */,
			);
			name = LaunchScreen.storyboard;
			sourceTree = "<group>";
		};
/* End PBXVariantGroup section */

/* Begin XCBuildConfiguration section */
		27140D8A1D3E5397003224EF /* Debug */ = {
			isa = XCBuildConfiguration;
			buildSettings = {
				ALWAYS_SEARCH_USER_PATHS = NO;
				CLANG_ANALYZER_NONNULL = YES;
				CLANG_CXX_LANGUAGE_STANDARD = "gnu++0x";
				CLANG_CXX_LIBRARY = "libc++";
				CLANG_ENABLE_MODULES = YES;
				CLANG_ENABLE_OBJC_ARC = YES;
				CLANG_WARN_BOOL_CONVERSION = YES;
				CLANG_WARN_CONSTANT_CONVERSION = YES;
				CLANG_WARN_DIRECT_OBJC_ISA_USAGE = YES_ERROR;
				CLANG_WARN_EMPTY_BODY = YES;
				CLANG_WARN_ENUM_CONVERSION = YES;
				CLANG_WARN_INT_CONVERSION = YES;
				CLANG_WARN_OBJC_ROOT_CLASS = YES_ERROR;
				CLANG_WARN_UNREACHABLE_CODE = YES;
				CLANG_WARN__DUPLICATE_METHOD_MATCH = YES;
				"CODE_SIGN_IDENTITY[sdk=iphoneos*]" = "iPhone Developer";
				COPY_PHASE_STRIP = NO;
				DEBUG_INFORMATION_FORMAT = dwarf;
				ENABLE_STRICT_OBJC_MSGSEND = YES;
				ENABLE_TESTABILITY = YES;
				GCC_C_LANGUAGE_STANDARD = gnu99;
				GCC_DYNAMIC_NO_PIC = NO;
				GCC_NO_COMMON_BLOCKS = YES;
				GCC_OPTIMIZATION_LEVEL = 0;
				GCC_PREPROCESSOR_DEFINITIONS = (
					"DEBUG=1",
					"$(inherited)",
				);
				GCC_WARN_64_TO_32_BIT_CONVERSION = YES;
				GCC_WARN_ABOUT_RETURN_TYPE = YES_ERROR;
				GCC_WARN_UNDECLARED_SELECTOR = YES;
				GCC_WARN_UNINITIALIZED_AUTOS = YES_AGGRESSIVE;
				GCC_WARN_UNUSED_FUNCTION = YES;
				GCC_WARN_UNUSED_VARIABLE = YES;
				IPHONEOS_DEPLOYMENT_TARGET = 9.3;
				MTL_ENABLE_DEBUG_INFO = YES;
				ONLY_ACTIVE_ARCH = YES;
				SDKROOT = iphoneos;
				SWIFT_OPTIMIZATION_LEVEL = "-Onone";
			};
			name = Debug;
		};
		27140D8B1D3E5397003224EF /* Release */ = {
			isa = XCBuildConfiguration;
			buildSettings = {
				ALWAYS_SEARCH_USER_PATHS = NO;
				CLANG_ANALYZER_NONNULL = YES;
				CLANG_CXX_LANGUAGE_STANDARD = "gnu++0x";
				CLANG_CXX_LIBRARY = "libc++";
				CLANG_ENABLE_MODULES = YES;
				CLANG_ENABLE_OBJC_ARC = YES;
				CLANG_WARN_BOOL_CONVERSION = YES;
				CLANG_WARN_CONSTANT_CONVERSION = YES;
				CLANG_WARN_DIRECT_OBJC_ISA_USAGE = YES_ERROR;
				CLANG_WARN_EMPTY_BODY = YES;
				CLANG_WARN_ENUM_CONVERSION = YES;
				CLANG_WARN_INT_CONVERSION = YES;
				CLANG_WARN_OBJC_ROOT_CLASS = YES_ERROR;
				CLANG_WARN_UNREACHABLE_CODE = YES;
				CLANG_WARN__DUPLICATE_METHOD_MATCH = YES;
				"CODE_SIGN_IDENTITY[sdk=iphoneos*]" = "iPhone Developer";
				COPY_PHASE_STRIP = NO;
				DEBUG_INFORMATION_FORMAT = "dwarf-with-dsym";
				ENABLE_NS_ASSERTIONS = NO;
				ENABLE_STRICT_OBJC_MSGSEND = YES;
				GCC_C_LANGUAGE_STANDARD = gnu99;
				GCC_NO_COMMON_BLOCKS = YES;
				GCC_WARN_64_TO_32_BIT_CONVERSION = YES;
				GCC_WARN_ABOUT_RETURN_TYPE = YES_ERROR;
				GCC_WARN_UNDECLARED_SELECTOR = YES;
				GCC_WARN_UNINITIALIZED_AUTOS = YES_AGGRESSIVE;
				GCC_WARN_UNUSED_FUNCTION = YES;
				GCC_WARN_UNUSED_VARIABLE = YES;
				IPHONEOS_DEPLOYMENT_TARGET = 9.3;
				MTL_ENABLE_DEBUG_INFO = NO;
				SDKROOT = iphoneos;
				VALIDATE_PRODUCT = YES;
			};
			name = Release;
		};
		27140D8D1D3E5397003224EF /* Debug */ = {
			isa = XCBuildConfiguration;
			baseConfigurationReference = D380474B28758B530DCB20D0 /* Pods-MZCWB.debug.xcconfig */;
			buildSettings = {
				ASSETCATALOG_COMPILER_APPICON_NAME = AppIcon;
				ASSETCATALOG_COMPILER_LAUNCHIMAGE_NAME = "Brand Assets";
				CLANG_ENABLE_MODULES = YES;
				INFOPLIST_FILE = MZCWB/Info.plist;
				IPHONEOS_DEPLOYMENT_TARGET = 8.0;
				LD_RUNPATH_SEARCH_PATHS = "$(inherited) @executable_path/Frameworks";
				PRODUCT_BUNDLE_IDENTIFIER = MZC.MZCWB;
				PRODUCT_NAME = "$(TARGET_NAME)";
				SWIFT_OBJC_BRIDGING_HEADER = "";
				SWIFT_OPTIMIZATION_LEVEL = "-Onone";
			};
			name = Debug;
		};
		27140D8E1D3E5397003224EF /* Release */ = {
			isa = XCBuildConfiguration;
			baseConfigurationReference = 1602D8B090804EAE840C7D47 /* Pods-MZCWB.release.xcconfig */;
			buildSettings = {
				ASSETCATALOG_COMPILER_APPICON_NAME = AppIcon;
				ASSETCATALOG_COMPILER_LAUNCHIMAGE_NAME = "Brand Assets";
				CLANG_ENABLE_MODULES = YES;
				INFOPLIST_FILE = MZCWB/Info.plist;
				IPHONEOS_DEPLOYMENT_TARGET = 8.0;
				LD_RUNPATH_SEARCH_PATHS = "$(inherited) @executable_path/Frameworks";
				PRODUCT_BUNDLE_IDENTIFIER = MZC.MZCWB;
				PRODUCT_NAME = "$(TARGET_NAME)";
				SWIFT_OBJC_BRIDGING_HEADER = "";
			};
			name = Release;
		};
		27140D901D3E5397003224EF /* Debug */ = {
			isa = XCBuildConfiguration;
			buildSettings = {
				BUNDLE_LOADER = "$(TEST_HOST)";
				INFOPLIST_FILE = MZCWBTests/Info.plist;
				LD_RUNPATH_SEARCH_PATHS = "$(inherited) @executable_path/Frameworks @loader_path/Frameworks";
				PRODUCT_BUNDLE_IDENTIFIER = MZC.MZCWBTests;
				PRODUCT_NAME = "$(TARGET_NAME)";
				TEST_HOST = "$(BUILT_PRODUCTS_DIR)/MZCWB.app/MZCWB";
			};
			name = Debug;
		};
		27140D911D3E5397003224EF /* Release */ = {
			isa = XCBuildConfiguration;
			buildSettings = {
				BUNDLE_LOADER = "$(TEST_HOST)";
				INFOPLIST_FILE = MZCWBTests/Info.plist;
				LD_RUNPATH_SEARCH_PATHS = "$(inherited) @executable_path/Frameworks @loader_path/Frameworks";
				PRODUCT_BUNDLE_IDENTIFIER = MZC.MZCWBTests;
				PRODUCT_NAME = "$(TARGET_NAME)";
				TEST_HOST = "$(BUILT_PRODUCTS_DIR)/MZCWB.app/MZCWB";
			};
			name = Release;
		};
		27140D931D3E5397003224EF /* Debug */ = {
			isa = XCBuildConfiguration;
			buildSettings = {
				INFOPLIST_FILE = MZCWBUITests/Info.plist;
				LD_RUNPATH_SEARCH_PATHS = "$(inherited) @executable_path/Frameworks @loader_path/Frameworks";
				PRODUCT_BUNDLE_IDENTIFIER = MZC.MZCWBUITests;
				PRODUCT_NAME = "$(TARGET_NAME)";
				TEST_TARGET_NAME = MZCWB;
			};
			name = Debug;
		};
		27140D941D3E5397003224EF /* Release */ = {
			isa = XCBuildConfiguration;
			buildSettings = {
				INFOPLIST_FILE = MZCWBUITests/Info.plist;
				LD_RUNPATH_SEARCH_PATHS = "$(inherited) @executable_path/Frameworks @loader_path/Frameworks";
				PRODUCT_BUNDLE_IDENTIFIER = MZC.MZCWBUITests;
				PRODUCT_NAME = "$(TARGET_NAME)";
				TEST_TARGET_NAME = MZCWB;
			};
			name = Release;
		};
/* End XCBuildConfiguration section */

/* Begin XCConfigurationList section */
		27140D5F1D3E5397003224EF /* Build configuration list for PBXProject "MZCWB" */ = {
			isa = XCConfigurationList;
			buildConfigurations = (
				27140D8A1D3E5397003224EF /* Debug */,
				27140D8B1D3E5397003224EF /* Release */,
			);
			defaultConfigurationIsVisible = 0;
			defaultConfigurationName = Release;
		};
		27140D8C1D3E5397003224EF /* Build configuration list for PBXNativeTarget "MZCWB" */ = {
			isa = XCConfigurationList;
			buildConfigurations = (
				27140D8D1D3E5397003224EF /* Debug */,
				27140D8E1D3E5397003224EF /* Release */,
			);
			defaultConfigurationIsVisible = 0;
			defaultConfigurationName = Release;
		};
		27140D8F1D3E5397003224EF /* Build configuration list for PBXNativeTarget "MZCWBTests" */ = {
			isa = XCConfigurationList;
			buildConfigurations = (
				27140D901D3E5397003224EF /* Debug */,
				27140D911D3E5397003224EF /* Release */,
			);
			defaultConfigurationIsVisible = 0;
			defaultConfigurationName = Release;
		};
		27140D921D3E5397003224EF /* Build configuration list for PBXNativeTarget "MZCWBUITests" */ = {
			isa = XCConfigurationList;
			buildConfigurations = (
				27140D931D3E5397003224EF /* Debug */,
				27140D941D3E5397003224EF /* Release */,
			);
			defaultConfigurationIsVisible = 0;
			defaultConfigurationName = Release;
		};
/* End XCConfigurationList section */
	};
	rootObject = 27140D5C1D3E5397003224EF /* Project object */;
}
