// !$*UTF8*$!
{
	archiveVersion = 1;
	classes = {
	};
	objectVersion = 46;
	objects = {

/* Begin PBXBuildFile section */
		27140D6F1D3E5397003224EF /* Assets.xcassets in Resources */ = {isa = PBXBuildFile; fileRef = 27140D6E1D3E5397003224EF /* Assets.xcassets */; };
		27140D721D3E5397003224EF /* LaunchScreen.storyboard in Resources */ = {isa = PBXBuildFile; fileRef = 27140D701D3E5397003224EF /* LaunchScreen.storyboard */; };
		27140D7D1D3E5397003224EF /* MZCWBTests.swift in Sources */ = {isa = PBXBuildFile; fileRef = 27140D7C1D3E5397003224EF /* MZCWBTests.swift */; };
		27140D881D3E5397003224EF /* MZCWBUITests.swift in Sources */ = {isa = PBXBuildFile; fileRef = 27140D871D3E5397003224EF /* MZCWBUITests.swift */; };
		27B17B641D3FCE7800110BB7 /* MZCSetupUIMessage.swift in Sources */ = {isa = PBXBuildFile; fileRef = 27B17B631D3FCE7800110BB7 /* MZCSetupUIMessage.swift */; };
		27D5C6151D3E6A3E00854F55 /* AppDelegate.swift in Sources */ = {isa = PBXBuildFile; fileRef = 27D5C6141D3E6A3E00854F55 /* AppDelegate.swift */; };
		27E2DCB21D3F48DC0080D995 /* MZCHomeTableViewController.swift in Sources */ = {isa = PBXBuildFile; fileRef = 27E2DCB11D3F48DC0080D995 /* MZCHomeTableViewController.swift */; };
		27E2DCB41D3F48EC0080D995 /* MZCMeTableViewController.swift in Sources */ = {isa = PBXBuildFile; fileRef = 27E2DCB31D3F48EC0080D995 /* MZCMeTableViewController.swift */; };
		27E2DCB61D3F48FA0080D995 /* MZCMessageTableViewController.swift in Sources */ = {isa = PBXBuildFile; fileRef = 27E2DCB51D3F48FA0080D995 /* MZCMessageTableViewController.swift */; };
		27E2DCB81D3F490A0080D995 /* MZCPlazaTableViewController.swift in Sources */ = {isa = PBXBuildFile; fileRef = 27E2DCB71D3F490A0080D995 /* MZCPlazaTableViewController.swift */; };
		27E2DCBA1D3F491E0080D995 /* MZCSendTwitterTableViewController.swift in Sources */ = {isa = PBXBuildFile; fileRef = 27E2DCB91D3F491E0080D995 /* MZCSendTwitterTableViewController.swift */; };
		27E2DCBC1D3F49660080D995 /* MZCTabBarController.swift in Sources */ = {isa = PBXBuildFile; fileRef = 27E2DCBB1D3F49660080D995 /* MZCTabBarController.swift */; };
		27E2DCBF1D3F60B50080D995 /* MainVCSettings.json in Resources */ = {isa = PBXBuildFile; fileRef = 27E2DCBE1D3F60B50080D995 /* MainVCSettings.json */; };
		27E2DCC11D3F60BD0080D995 /* NullViewController.swift in Sources */ = {isa = PBXBuildFile; fileRef = 27E2DCC01D3F60BD0080D995 /* NullViewController.swift */; };
		27E2DCC51D3F813F0080D995 /* MZCTabBarView.swift in Sources */ = {isa = PBXBuildFile; fileRef = 27E2DCC41D3F813F0080D995 /* MZCTabBarView.swift */; };
		27E2DCC81D3FAA420080D995 /* MZCLoginViewController.swift in Sources */ = {isa = PBXBuildFile; fileRef = 27E2DCC61D3FAA420080D995 /* MZCLoginViewController.swift */; };
		27E2DCC91D3FAA420080D995 /* MZCLoginViewController.xib in Resources */ = {isa = PBXBuildFile; fileRef = 27E2DCC71D3FAA420080D995 /* MZCLoginViewController.xib */; };
		27E2DCCD1D3FC63E0080D995 /* MZCSetupUILoginBase.swift in Sources */ = {isa = PBXBuildFile; fileRef = 27E2DCCC1D3FC63E0080D995 /* MZCSetupUILoginBase.swift */; };
		27E2DCCF1D3FC75C0080D995 /* MZCSetupUIHome.swift in Sources */ = {isa = PBXBuildFile; fileRef = 27E2DCCE1D3FC75C0080D995 /* MZCSetupUIHome.swift */; };
		27E2DCD31D3FCB2F0080D995 /* MZCSetupUIPlaza.swift in Sources */ = {isa = PBXBuildFile; fileRef = 27E2DCD21D3FCB2F0080D995 /* MZCSetupUIPlaza.swift */; };
		27E2DCD51D3FCB3B0080D995 /* MZCSetupUIMe.swift in Sources */ = {isa = PBXBuildFile; fileRef = 27E2DCD41D3FCB3B0080D995 /* MZCSetupUIMe.swift */; };
		41E040E84DB278CE083153CE /* Pods_MZCWB.framework in Frameworks */ = {isa = PBXBuildFile; fileRef = 959D910E3A2A2B82AF4C424C /* Pods_MZCWB.framework */; };
/* End PBXBuildFile section */

/* Begin PBXContainerItemProxy section */
		27140D791D3E5397003224EF /* PBXContainerItemProxy */ = {
			isa = PBXContainerItemProxy;
			containerPortal = 27140D5C1D3E5397003224EF /* Project object */;
			proxyType = 1;
			remoteGlobalIDString = 27140D631D3E5397003224EF;
			remoteInfo = MZCWB;
		};
		27140D841D3E5397003224EF /* PBXContainerItemProxy */ = {
			isa = PBXContainerItemProxy;
			containerPortal = 27140D5C1D3E5397003224EF /* Project object */;
			proxyType = 1;
			remoteGlobalIDString = 27140D631D3E5397003224EF;
			remoteInfo = MZCWB;
		};
/* End PBXContainerItemProxy section */

/* Begin PBXFileReference section */
		1602D8B090804EAE840C7D47 /* Pods-MZCWB.release.xcconfig */ = {isa = PBXFileReference; includeInIndex = 1; lastKnownFileType = text.xcconfig; name = "Pods-MZCWB.release.xcconfig"; path = "Pods/Target Support Files/Pods-MZCWB/Pods-MZCWB.release.xcconfig"; sourceTree = "<group>"; };
		27140D641D3E5397003224EF /* MZCWB.app */ = {isa = PBXFileReference; explicitFileType = wrapper.application; includeInIndex = 0; path = MZCWB.app; sourceTree = BUILT_PRODUCTS_DIR; };
		27140D6E1D3E5397003224EF /* Assets.xcassets */ = {isa = PBXFileReference; lastKnownFileType = folder.assetcatalog; path = Assets.xcassets; sourceTree = "<group>"; };
		27140D711D3E5397003224EF /* Base */ = {isa = PBXFileReference; lastKnownFileType = file.storyboard; name = Base; path = Base.lproj/LaunchScreen.storyboard; sourceTree = "<group>"; };
		27140D731D3E5397003224EF /* Info.plist */ = {isa = PBXFileReference; lastKnownFileType = text.plist.xml; path = Info.plist; sourceTree = "<group>"; };
		27140D781D3E5397003224EF /* MZCWBTests.xctest */ = {isa = PBXFileReference; explicitFileType = wrapper.cfbundle; includeInIndex = 0; path = MZCWBTests.xctest; sourceTree = BUILT_PRODUCTS_DIR; };
		27140D7C1D3E5397003224EF /* MZCWBTests.swift */ = {isa = PBXFileReference; lastKnownFileType = sourcecode.swift; path = MZCWBTests.swift; sourceTree = "<group>"; };
		27140D7E1D3E5397003224EF /* Info.plist */ = {isa = PBXFileReference; lastKnownFileType = text.plist.xml; path = Info.plist; sourceTree = "<group>"; };
		27140D831D3E5397003224EF /* MZCWBUITests.xctest */ = {isa = PBXFileReference; explicitFileType = wrapper.cfbundle; includeInIndex = 0; path = MZCWBUITests.xctest; sourceTree = BUILT_PRODUCTS_DIR; };
		27140D871D3E5397003224EF /* MZCWBUITests.swift */ = {isa = PBXFileReference; lastKnownFileType = sourcecode.swift; path = MZCWBUITests.swift; sourceTree = "<group>"; };
		27140D891D3E5397003224EF /* Info.plist */ = {isa = PBXFileReference; lastKnownFileType = text.plist.xml; path = Info.plist; sourceTree = "<group>"; };
		27B17B631D3FCE7800110BB7 /* MZCSetupUIMessage.swift */ = {isa = PBXFileReference; fileEncoding = 4; lastKnownFileType = sourcecode.swift; path = MZCSetupUIMessage.swift; sourceTree = "<group>"; };
		27D5C6141D3E6A3E00854F55 /* AppDelegate.swift */ = {isa = PBXFileReference; fileEncoding = 4; lastKnownFileType = sourcecode.swift; path = AppDelegate.swift; sourceTree = "<group>"; };
		27E2DCB11D3F48DC0080D995 /* MZCHomeTableViewController.swift */ = {isa = PBXFileReference; fileEncoding = 4; lastKnownFileType = sourcecode.swift; path = MZCHomeTableViewController.swift; sourceTree = "<group>"; };
		27E2DCB31D3F48EC0080D995 /* MZCMeTableViewController.swift */ = {isa = PBXFileReference; fileEncoding = 4; lastKnownFileType = sourcecode.swift; path = MZCMeTableViewController.swift; sourceTree = "<group>"; };
		27E2DCB51D3F48FA0080D995 /* MZCMessageTableViewController.swift */ = {isa = PBXFileReference; fileEncoding = 4; lastKnownFileType = sourcecode.swift; path = MZCMessageTableViewController.swift; sourceTree = "<group>"; };
		27E2DCB71D3F490A0080D995 /* MZCPlazaTableViewController.swift */ = {isa = PBXFileReference; fileEncoding = 4; lastKnownFileType = sourcecode.swift; path = MZCPlazaTableViewController.swift; sourceTree = "<group>"; };
		27E2DCB91D3F491E0080D995 /* MZCSendTwitterTableViewController.swift */ = {isa = PBXFileReference; fileEncoding = 4; lastKnownFileType = sourcecode.swift; path = MZCSendTwitterTableViewController.swift; sourceTree = "<group>"; };
		27E2DCBB1D3F49660080D995 /* MZCTabBarController.swift */ = {isa = PBXFileReference; fileEncoding = 4; lastKnownFileType = sourcecode.swift; path = MZCTabBarController.swift; sourceTree = "<group>"; };
		27E2DCBE1D3F60B50080D995 /* MainVCSettings.json */ = {isa = PBXFileReference; fileEncoding = 4; lastKnownFileType = text.json; path = MainVCSettings.json; sourceTree = "<group>"; };
		27E2DCC01D3F60BD0080D995 /* NullViewController.swift */ = {isa = PBXFileReference; fileEncoding = 4; lastKnownFileType = sourcecode.swift; path = NullViewController.swift; sourceTree = "<group>"; };
		27E2DCC41D3F813F0080D995 /* MZCTabBarView.swift */ = {isa = PBXFileReference; fileEncoding = 4; lastKnownFileType = sourcecode.swift; path = MZCTabBarView.swift; sourceTree = "<group>"; };
		27E2DCC61D3FAA420080D995 /* MZCLoginViewController.swift */ = {isa = PBXFileReference; fileEncoding = 4; lastKnownFileType = sourcecode.swift; path = MZCLoginViewController.swift; sourceTree = "<group>"; };
		27E2DCC71D3FAA420080D995 /* MZCLoginViewController.xib */ = {isa = PBXFileReference; fileEncoding = 4; lastKnownFileType = file.xib; path = MZCLoginViewController.xib; sourceTree = "<group>"; };
		27E2DCCC1D3FC63E0080D995 /* MZCSetupUILoginBase.swift */ = {isa = PBXFileReference; fileEncoding = 4; lastKnownFileType = sourcecode.swift; path = MZCSetupUILoginBase.swift; sourceTree = "<group>"; };
		27E2DCCE1D3FC75C0080D995 /* MZCSetupUIHome.swift */ = {isa = PBXFileReference; fileEncoding = 4; lastKnownFileType = sourcecode.swift; path = MZCSetupUIHome.swift; sourceTree = "<group>"; };
		27E2DCD21D3FCB2F0080D995 /* MZCSetupUIPlaza.swift */ = {isa = PBXFileReference; fileEncoding = 4; lastKnownFileType = sourcecode.swift; path = MZCSetupUIPlaza.swift; sourceTree = "<group>"; };
		27E2DCD41D3FCB3B0080D995 /* MZCSetupUIMe.swift */ = {isa = PBXFileReference; fileEncoding = 4; lastKnownFileType = sourcecode.swift; path = MZCSetupUIMe.swift; sourceTree = "<group>"; };
		959D910E3A2A2B82AF4C424C /* Pods_MZCWB.framework */ = {isa = PBXFileReference; explicitFileType = wrapper.framework; includeInIndex = 0; path = Pods_MZCWB.framework; sourceTree = BUILT_PRODUCTS_DIR; };
		D380474B28758B530DCB20D0 /* Pods-MZCWB.debug.xcconfig */ = {isa = PBXFileReference; includeInIndex = 1; lastKnownFileType = text.xcconfig; name = "Pods-MZCWB.debug.xcconfig"; path = "Pods/Target Support Files/Pods-MZCWB/Pods-MZCWB.debug.xcconfig"; sourceTree = "<group>"; };
/* End PBXFileReference section */

/* Begin PBXFrameworksBuildPhase section */
		27140D611D3E5397003224EF /* Frameworks */ = {
			isa = PBXFrameworksBuildPhase;
			buildActionMask = 2147483647;
			files = (
				41E040E84DB278CE083153CE /* Pods_MZCWB.framework in Frameworks */,
			);
			runOnlyForDeploymentPostprocessing = 0;
		};
		27140D751D3E5397003224EF /* Frameworks */ = {
			isa = PBXFrameworksBuildPhase;
			buildActionMask = 2147483647;
			files = (
			);
			runOnlyForDeploymentPostprocessing = 0;
		};
		27140D801D3E5397003224EF /* Frameworks */ = {
			isa = PBXFrameworksBuildPhase;
			buildActionMask = 2147483647;
			files = (
			);
			runOnlyForDeploymentPostprocessing = 0;
		};
/* End PBXFrameworksBuildPhase section */

/* Begin PBXGroup section */
		27140D5B1D3E5397003224EF = {
			isa = PBXGroup;
			children = (
				27140D661D3E5397003224EF /* MZCWB */,
				27140D7B1D3E5397003224EF /* MZCWBTests */,
				27140D861D3E5397003224EF /* MZCWBUITests */,
				27140D651D3E5397003224EF /* Products */,
				7AEB6D62D51651FBA1070852 /* Pods */,
				CA60460C1E95CA3760E7B146 /* Frameworks */,
			);
			sourceTree = "<group>";
		};
		27140D651D3E5397003224EF /* Products */ = {
			isa = PBXGroup;
			children = (
				27140D641D3E5397003224EF /* MZCWB.app */,
				27140D781D3E5397003224EF /* MZCWBTests.xctest */,
				27140D831D3E5397003224EF /* MZCWBUITests.xctest */,
			);
			name = Products;
			sourceTree = "<group>";
		};
		27140D661D3E5397003224EF /* MZCWB */ = {
			isa = PBXGroup;
			children = (
				27D5C6121D3E6A3E00854F55 /* Classes */,
				27D5C6111D3E6A3300854F55 /* Supporting Files */,
			);
			path = MZCWB;
			sourceTree = "<group>";
		};
		27140D7B1D3E5397003224EF /* MZCWBTests */ = {
			isa = PBXGroup;
			children = (
				27140D7C1D3E5397003224EF /* MZCWBTests.swift */,
				27140D7E1D3E5397003224EF /* Info.plist */,
			);
			path = MZCWBTests;
			sourceTree = "<group>";
		};
		27140D861D3E5397003224EF /* MZCWBUITests */ = {
			isa = PBXGroup;
			children = (
				27140D871D3E5397003224EF /* MZCWBUITests.swift */,
				27140D891D3E5397003224EF /* Info.plist */,
			);
			path = MZCWBUITests;
			sourceTree = "<group>";
		};
		27D5C6111D3E6A3300854F55 /* Supporting Files */ = {
			isa = PBXGroup;
			children = (
				27140D6E1D3E5397003224EF /* Assets.xcassets */,
				27140D701D3E5397003224EF /* LaunchScreen.storyboard */,
				27140D731D3E5397003224EF /* Info.plist */,
			);
			name = "Supporting Files";
			sourceTree = "<group>";
		};
		27D5C6121D3E6A3E00854F55 /* Classes */ = {
			isa = PBXGroup;
			children = (
				27E2DC9D1D3F48A00080D995 /* Home-首页 */,
				27E2DCA11D3F48A00080D995 /* Me-我 */,
				27E2DCA51D3F48A00080D995 /* Message-消息 */,
				27E2DCA91D3F48A00080D995 /* Plaza-广场 */,
				27E2DCAD1D3F48A00080D995 /* SendTwitter-发微博 */,
				27D5C6131D3E6A3E00854F55 /* Other */,
			);
			path = Classes;
			sourceTree = "<group>";
		};
		27D5C6131D3E6A3E00854F55 /* Other */ = {
			isa = PBXGroup;
			children = (
				27E2DCBD1D3F60B50080D995 /* Resource */,
				27E2DC971D3F29B50080D995 /* Controller */,
				27E2DC991D3F29B50080D995 /* View */,
				27D5C6141D3E6A3E00854F55 /* AppDelegate.swift */,
			);
			path = Other;
			sourceTree = "<group>";
		};
		27E2DC971D3F29B50080D995 /* Controller */ = {
			isa = PBXGroup;
			children = (
				27E2DCCB1D3FC5F70080D995 /* SetupLoginUIStratagy */,
				27E2DCC01D3F60BD0080D995 /* NullViewController.swift */,
				27E2DCBB1D3F49660080D995 /* MZCTabBarController.swift */,
				27E2DCC61D3FAA420080D995 /* MZCLoginViewController.swift */,
				27E2DCC71D3FAA420080D995 /* MZCLoginViewController.xib */,
			);
			path = Controller;
			sourceTree = "<group>";
		};
		27E2DC991D3F29B50080D995 /* View */ = {
			isa = PBXGroup;
			children = (
				27E2DCC41D3F813F0080D995 /* MZCTabBarView.swift */,
			);
			path = View;
			sourceTree = "<group>";
		};
		27E2DC9D1D3F48A00080D995 /* Home-首页 */ = {
			isa = PBXGroup;
			children = (
				27E2DC9E1D3F48A00080D995 /* Controller */,
				27E2DC9F1D3F48A00080D995 /* Mode */,
				27E2DCA01D3F48A00080D995 /* View */,
			);
			path = "Home-首页";
			sourceTree = "<group>";
		};
		27E2DC9E1D3F48A00080D995 /* Controller */ = {
			isa = PBXGroup;
			children = (
				27E2DCB11D3F48DC0080D995 /* MZCHomeTableViewController.swift */,
			);
			path = Controller;
			sourceTree = "<group>";
		};
		27E2DC9F1D3F48A00080D995 /* Mode */ = {
			isa = PBXGroup;
			children = (
			);
			path = Mode;
			sourceTree = "<group>";
		};
		27E2DCA01D3F48A00080D995 /* View */ = {
			isa = PBXGroup;
			children = (
			);
			path = View;
			sourceTree = "<group>";
		};
		27E2DCA11D3F48A00080D995 /* Me-我 */ = {
			isa = PBXGroup;
			children = (
				27E2DCA21D3F48A00080D995 /* Controller */,
				27E2DCA31D3F48A00080D995 /* Mode */,
				27E2DCA41D3F48A00080D995 /* View */,
			);
			path = "Me-我";
			sourceTree = "<group>";
		};
		27E2DCA21D3F48A00080D995 /* Controller */ = {
			isa = PBXGroup;
			children = (
				27E2DCB31D3F48EC0080D995 /* MZCMeTableViewController.swift */,
			);
			path = Controller;
			sourceTree = "<group>";
		};
		27E2DCA31D3F48A00080D995 /* Mode */ = {
			isa = PBXGroup;
			children = (
			);
			path = Mode;
			sourceTree = "<group>";
		};
		27E2DCA41D3F48A00080D995 /* View */ = {
			isa = PBXGroup;
			children = (
			);
			path = View;
			sourceTree = "<group>";
		};
		27E2DCA51D3F48A00080D995 /* Message-消息 */ = {
			isa = PBXGroup;
			children = (
				27E2DCA61D3F48A00080D995 /* Controller */,
				27E2DCA71D3F48A00080D995 /* Mode */,
				27E2DCA81D3F48A00080D995 /* View */,
			);
			path = "Message-消息";
			sourceTree = "<group>";
		};
		27E2DCA61D3F48A00080D995 /* Controller */ = {
			isa = PBXGroup;
			children = (
				27E2DCB51D3F48FA0080D995 /* MZCMessageTableViewController.swift */,
			);
			path = Controller;
			sourceTree = "<group>";
		};
		27E2DCA71D3F48A00080D995 /* Mode */ = {
			isa = PBXGroup;
			children = (
			);
			path = Mode;
			sourceTree = "<group>";
		};
		27E2DCA81D3F48A00080D995 /* View */ = {
			isa = PBXGroup;
			children = (
			);
			path = View;
			sourceTree = "<group>";
		};
		27E2DCA91D3F48A00080D995 /* Plaza-广场 */ = {
			isa = PBXGroup;
			children = (
				27E2DCAA1D3F48A00080D995 /* Controller */,
				27E2DCAB1D3F48A00080D995 /* Mode */,
				27E2DCAC1D3F48A00080D995 /* View */,
			);
			path = "Plaza-广场";
			sourceTree = "<group>";
		};
		27E2DCAA1D3F48A00080D995 /* Controller */ = {
			isa = PBXGroup;
			children = (
				27E2DCB71D3F490A0080D995 /* MZCPlazaTableViewController.swift */,
			);
			path = Controller;
			sourceTree = "<group>";
		};
		27E2DCAB1D3F48A00080D995 /* Mode */ = {
			isa = PBXGroup;
			children = (
			);
			path = Mode;
			sourceTree = "<group>";
		};
		27E2DCAC1D3F48A00080D995 /* View */ = {
			isa = PBXGroup;
			children = (
			);
			path = View;
			sourceTree = "<group>";
		};
		27E2DCAD1D3F48A00080D995 /* SendTwitter-发微博 */ = {
			isa = PBXGroup;
			children = (
				27E2DCAE1D3F48A00080D995 /* Controller */,
				27E2DCAF1D3F48A00080D995 /* Mode */,
				27E2DCB01D3F48A00080D995 /* View */,
			);
			path = "SendTwitter-发微博";
			sourceTree = "<group>";
		};
		27E2DCAE1D3F48A00080D995 /* Controller */ = {
			isa = PBXGroup;
			children = (
				27E2DCB91D3F491E0080D995 /* MZCSendTwitterTableViewController.swift */,
			);
			path = Controller;
			sourceTree = "<group>";
		};
		27E2DCAF1D3F48A00080D995 /* Mode */ = {
			isa = PBXGroup;
			children = (
			);
			path = Mode;
			sourceTree = "<group>";
		};
		27E2DCB01D3F48A00080D995 /* View */ = {
			isa = PBXGroup;
			children = (
			);
			path = View;
			sourceTree = "<group>";
		};
		27E2DCBD1D3F60B50080D995 /* Resource */ = {
			isa = PBXGroup;
			children = (
				27E2DCBE1D3F60B50080D995 /* MainVCSettings.json */,
			);
			path = Resource;
			sourceTree = "<group>";
		};
		27E2DCCB1D3FC5F70080D995 /* SetupLoginUIStratagy */ = {
			isa = PBXGroup;
			children = (
				27E2DCCC1D3FC63E0080D995 /* MZCSetupUILoginBase.swift */,
				27E2DCCE1D3FC75C0080D995 /* MZCSetupUIHome.swift */,
				27B17B631D3FCE7800110BB7 /* MZCSetupUIMessage.swift */,
				27E2DCD21D3FCB2F0080D995 /* MZCSetupUIPlaza.swift */,
				27E2DCD41D3FCB3B0080D995 /* MZCSetupUIMe.swift */,
			);
			path = SetupLoginUIStratagy;
			sourceTree = "<group>";
		};
		7AEB6D62D51651FBA1070852 /* Pods */ = {
			isa = PBXGroup;
			children = (
				D380474B28758B530DCB20D0 /* Pods-MZCWB.debug.xcconfig */,
				1602D8B090804EAE840C7D47 /* Pods-MZCWB.release.xcconfig */,
			);
			name = Pods;
			sourceTree = "<group>";
		};
		CA60460C1E95CA3760E7B146 /* Frameworks */ = {
			isa = PBXGroup;
			children = (
				959D910E3A2A2B82AF4C424C /* Pods_MZCWB.framework */,
			);
			name = Frameworks;
			sourceTree = "<group>";
		};
/* End PBXGroup section */

/* Begin PBXNativeTarget section */
		27140D631D3E5397003224EF /* MZCWB */ = {
			isa = PBXNativeTarget;
			buildConfigurationList = 27140D8C1D3E5397003224EF /* Build configuration list for PBXNativeTarget "MZCWB" */;
			buildPhases = (
				3CDE11E7BA7D675779E7B194 /* 📦 Check Pods Manifest.lock */,
				27140D601D3E5397003224EF /* Sources */,
				27140D611D3E5397003224EF /* Frameworks */,
				27140D621D3E5397003224EF /* Resources */,
				11A1A5C072DBA55E2B2F1746 /* 📦 Embed Pods Frameworks */,
				79769CE01FB18685BBE02B56 /* 📦 Copy Pods Resources */,
			);
			buildRules = (
			);
			dependencies = (
			);
			name = MZCWB;
			productName = MZCWB;
			productReference = 27140D641D3E5397003224EF /* MZCWB.app */;
			productType = "com.apple.product-type.application";
		};
		27140D771D3E5397003224EF /* MZCWBTests */ = {
			isa = PBXNativeTarget;
			buildConfigurationList = 27140D8F1D3E5397003224EF /* Build configuration list for PBXNativeTarget "MZCWBTests" */;
			buildPhases = (
				27140D741D3E5397003224EF /* Sources */,
				27140D751D3E5397003224EF /* Frameworks */,
				27140D761D3E5397003224EF /* Resources */,
			);
			buildRules = (
			);
			dependencies = (
				27140D7A1D3E5397003224EF /* PBXTargetDependency */,
			);
			name = MZCWBTests;
			productName = MZCWBTests;
			productReference = 27140D781D3E5397003224EF /* MZCWBTests.xctest */;
			productType = "com.apple.product-type.bundle.unit-test";
		};
		27140D821D3E5397003224EF /* MZCWBUITests */ = {
			isa = PBXNativeTarget;
			buildConfigurationList = 27140D921D3E5397003224EF /* Build configuration list for PBXNativeTarget "MZCWBUITests" */;
			buildPhases = (
				27140D7F1D3E5397003224EF /* Sources */,
				27140D801D3E5397003224EF /* Frameworks */,
				27140D811D3E5397003224EF /* Resources */,
			);
			buildRules = (
			);
			dependencies = (
				27140D851D3E5397003224EF /* PBXTargetDependency */,
			);
			name = MZCWBUITests;
			productName = MZCWBUITests;
			productReference = 27140D831D3E5397003224EF /* MZCWBUITests.xctest */;
			productType = "com.apple.product-type.bundle.ui-testing";
		};
/* End PBXNativeTarget section */

/* Begin PBXProject section */
		27140D5C1D3E5397003224EF /* Project object */ = {
			isa = PBXProject;
			attributes = {
				CLASSPREFIX = MZC;
				LastSwiftUpdateCheck = 0730;
				LastUpgradeCheck = 0730;
				ORGANIZATIONNAME = "马纵驰";
				TargetAttributes = {
					27140D631D3E5397003224EF = {
						CreatedOnToolsVersion = 7.3.1;
					};
					27140D771D3E5397003224EF = {
						CreatedOnToolsVersion = 7.3.1;
						TestTargetID = 27140D631D3E5397003224EF;
					};
					27140D821D3E5397003224EF = {
						CreatedOnToolsVersion = 7.3.1;
						TestTargetID = 27140D631D3E5397003224EF;
					};
				};
			};
			buildConfigurationList = 27140D5F1D3E5397003224EF /* Build configuration list for PBXProject "MZCWB" */;
			compatibilityVersion = "Xcode 3.2";
			developmentRegion = English;
			hasScannedForEncodings = 0;
			knownRegions = (
				en,
				Base,
			);
			mainGroup = 27140D5B1D3E5397003224EF;
			productRefGroup = 27140D651D3E5397003224EF /* Products */;
			projectDirPath = "";
			projectRoot = "";
			targets = (
				27140D631D3E5397003224EF /* MZCWB */,
				27140D771D3E5397003224EF /* MZCWBTests */,
				27140D821D3E5397003224EF /* MZCWBUITests */,
			);
		};
/* End PBXProject section */

/* Begin PBXResourcesBuildPhase section */
		27140D621D3E5397003224EF /* Resources */ = {
			isa = PBXResourcesBuildPhase;
			buildActionMask = 2147483647;
			files = (
				27140D721D3E5397003224EF /* LaunchScreen.storyboard in Resources */,
				27E2DCC91D3FAA420080D995 /* MZCLoginViewController.xib in Resources */,
				27140D6F1D3E5397003224EF /* Assets.xcassets in Resources */,
				27E2DCBF1D3F60B50080D995 /* MainVCSettings.json in Resources */,
			);
			runOnlyForDeploymentPostprocessing = 0;
		};
		27140D761D3E5397003224EF /* Resources */ = {
			isa = PBXResourcesBuildPhase;
			buildActionMask = 2147483647;
			files = (
			);
			runOnlyForDeploymentPostprocessing = 0;
		};
		27140D811D3E5397003224EF /* Resources */ = {
			isa = PBXResourcesBuildPhase;
			buildActionMask = 2147483647;
			files = (
			);
			runOnlyForDeploymentPostprocessing = 0;
		};
/* End PBXResourcesBuildPhase section */

/* Begin PBXShellScriptBuildPhase section */
		11A1A5C072DBA55E2B2F1746 /* 📦 Embed Pods Frameworks */ = {
			isa = PBXShellScriptBuildPhase;
			buildActionMask = 2147483647;
			files = (
			);
			inputPaths = (
			);
			name = "📦 Embed Pods Frameworks";
			outputPaths = (
			);
			runOnlyForDeploymentPostprocessing = 0;
			shellPath = /bin/sh;
			shellScript = "\"${SRCROOT}/Pods/Target Support Files/Pods-MZCWB/Pods-MZCWB-frameworks.sh\"\n";
			showEnvVarsInLog = 0;
		};
		3CDE11E7BA7D675779E7B194 /* 📦 Check Pods Manifest.lock */ = {
			isa = PBXShellScriptBuildPhase;
			buildActionMask = 2147483647;
			files = (
			);
			inputPaths = (
			);
			name = "📦 Check Pods Manifest.lock";
			outputPaths = (
			);
			runOnlyForDeploymentPostprocessing = 0;
			shellPath = /bin/sh;
			shellScript = "diff \"${PODS_ROOT}/../Podfile.lock\" \"${PODS_ROOT}/Manifest.lock\" > /dev/null\nif [[ $? != 0 ]] ; then\n    cat << EOM\nerror: The sandbox is not in sync with the Podfile.lock. Run 'pod install' or update your CocoaPods installation.\nEOM\n    exit 1\nfi\n";
			showEnvVarsInLog = 0;
		};
		79769CE01FB18685BBE02B56 /* 📦 Copy Pods Resources */ = {
			isa = PBXShellScriptBuildPhase;
			buildActionMask = 2147483647;
			files = (
			);
			inputPaths = (
			);
			name = "📦 Copy Pods Resources";
			outputPaths = (
			);
			runOnlyForDeploymentPostprocessing = 0;
			shellPath = /bin/sh;
			shellScript = "\"${SRCROOT}/Pods/Target Support Files/Pods-MZCWB/Pods-MZCWB-resources.sh\"\n";
			showEnvVarsInLog = 0;
		};
/* End PBXShellScriptBuildPhase section */

/* Begin PBXSourcesBuildPhase section */
		27140D601D3E5397003224EF /* Sources */ = {
			isa = PBXSourcesBuildPhase;
			buildActionMask = 2147483647;
			files = (
				27B17B641D3FCE7800110BB7 /* MZCSetupUIMessage.swift in Sources */,
				27E2DCBA1D3F491E0080D995 /* MZCSendTwitterTableViewController.swift in Sources */,
				27E2DCB81D3F490A0080D995 /* MZCPlazaTableViewController.swift in Sources */,
				27D5C6151D3E6A3E00854F55 /* AppDelegate.swift in Sources */,
				27E2DCB41D3F48EC0080D995 /* MZCMeTableViewController.swift in Sources */,
				27E2DCCD1D3FC63E0080D995 /* MZCSetupUILoginBase.swift in Sources */,
				27E2DCC11D3F60BD0080D995 /* NullViewController.swift in Sources */,
				27E2DCC51D3F813F0080D995 /* MZCTabBarView.swift in Sources */,
				27E2DCD31D3FCB2F0080D995 /* MZCSetupUIPlaza.swift in Sources */,
				27E2DCB21D3F48DC0080D995 /* MZCHomeTableViewController.swift in Sources */,
				27E2DCC81D3FAA420080D995 /* MZCLoginViewController.swift in Sources */,
				27E2DCD51D3FCB3B0080D995 /* MZCSetupUIMe.swift in Sources */,
				27E2DCCF1D3FC75C0080D995 /* MZCSetupUIHome.swift in Sources */,
				27E2DCB61D3F48FA0080D995 /* MZCMessageTableViewController.swift in Sources */,
				27E2DCBC1D3F49660080D995 /* MZCTabBarController.swift in Sources */,
			);
			runOnlyForDeploymentPostprocessing = 0;
		};
		27140D741D3E5397003224EF /* Sources */ = {
			isa = PBXSourcesBuildPhase;
			buildActionMask = 2147483647;
			files = (
				27140D7D1D3E5397003224EF /* MZCWBTests.swift in Sources */,
			);
			runOnlyForDeploymentPostprocessing = 0;
		};
		27140D7F1D3E5397003224EF /* Sources */ = {
			isa = PBXSourcesBuildPhase;
			buildActionMask = 2147483647;
			files = (
				27140D881D3E5397003224EF /* MZCWBUITests.swift in Sources */,
			);
			runOnlyForDeploymentPostprocessing = 0;
		};
/* End PBXSourcesBuildPhase section */

/* Begin PBXTargetDependency section */
		27140D7A1D3E5397003224EF /* PBXTargetDependency */ = {
			isa = PBXTargetDependency;
			target = 27140D631D3E5397003224EF /* MZCWB */;
			targetProxy = 27140D791D3E5397003224EF /* PBXContainerItemProxy */;
		};
		27140D851D3E5397003224EF /* PBXTargetDependency */ = {
			isa = PBXTargetDependency;
			target = 27140D631D3E5397003224EF /* MZCWB */;
			targetProxy = 27140D841D3E5397003224EF /* PBXContainerItemProxy */;
		};
/* End PBXTargetDependency section */

/* Begin PBXVariantGroup section */
		27140D701D3E5397003224EF /* LaunchScreen.storyboard */ = {
			isa = PBXVariantGroup;
			children = (
				27140D711D3E5397003224EF /* Base */,
			);
			name = LaunchScreen.storyboard;
			sourceTree = "<group>";
		};
/* End PBXVariantGroup section */

/* Begin XCBuildConfiguration section */
		27140D8A1D3E5397003224EF /* Debug */ = {
			isa = XCBuildConfiguration;
			buildSettings = {
				ALWAYS_SEARCH_USER_PATHS = NO;
				CLANG_ANALYZER_NONNULL = YES;
				CLANG_CXX_LANGUAGE_STANDARD = "gnu++0x";
				CLANG_CXX_LIBRARY = "libc++";
				CLANG_ENABLE_MODULES = YES;
				CLANG_ENABLE_OBJC_ARC = YES;
				CLANG_WARN_BOOL_CONVERSION = YES;
				CLANG_WARN_CONSTANT_CONVERSION = YES;
				CLANG_WARN_DIRECT_OBJC_ISA_USAGE = YES_ERROR;
				CLANG_WARN_EMPTY_BODY = YES;
				CLANG_WARN_ENUM_CONVERSION = YES;
				CLANG_WARN_INT_CONVERSION = YES;
				CLANG_WARN_OBJC_ROOT_CLASS = YES_ERROR;
				CLANG_WARN_UNREACHABLE_CODE = YES;
				CLANG_WARN__DUPLICATE_METHOD_MATCH = YES;
				"CODE_SIGN_IDENTITY[sdk=iphoneos*]" = "iPhone Developer";
				COPY_PHASE_STRIP = NO;
				DEBUG_INFORMATION_FORMAT = dwarf;
				ENABLE_STRICT_OBJC_MSGSEND = YES;
				ENABLE_TESTABILITY = YES;
				GCC_C_LANGUAGE_STANDARD = gnu99;
				GCC_DYNAMIC_NO_PIC = NO;
				GCC_NO_COMMON_BLOCKS = YES;
				GCC_OPTIMIZATION_LEVEL = 0;
				GCC_PREPROCESSOR_DEFINITIONS = (
					"DEBUG=1",
					"$(inherited)",
				);
				GCC_WARN_64_TO_32_BIT_CONVERSION = YES;
				GCC_WARN_ABOUT_RETURN_TYPE = YES_ERROR;
				GCC_WARN_UNDECLARED_SELECTOR = YES;
				GCC_WARN_UNINITIALIZED_AUTOS = YES_AGGRESSIVE;
				GCC_WARN_UNUSED_FUNCTION = YES;
				GCC_WARN_UNUSED_VARIABLE = YES;
				IPHONEOS_DEPLOYMENT_TARGET = 9.3;
				MTL_ENABLE_DEBUG_INFO = YES;
				ONLY_ACTIVE_ARCH = YES;
				SDKROOT = iphoneos;
				SWIFT_OPTIMIZATION_LEVEL = "-Onone";
			};
			name = Debug;
		};
		27140D8B1D3E5397003224EF /* Release */ = {
			isa = XCBuildConfiguration;
			buildSettings = {
				ALWAYS_SEARCH_USER_PATHS = NO;
				CLANG_ANALYZER_NONNULL = YES;
				CLANG_CXX_LANGUAGE_STANDARD = "gnu++0x";
				CLANG_CXX_LIBRARY = "libc++";
				CLANG_ENABLE_MODULES = YES;
				CLANG_ENABLE_OBJC_ARC = YES;
				CLANG_WARN_BOOL_CONVERSION = YES;
				CLANG_WARN_CONSTANT_CONVERSION = YES;
				CLANG_WARN_DIRECT_OBJC_ISA_USAGE = YES_ERROR;
				CLANG_WARN_EMPTY_BODY = YES;
				CLANG_WARN_ENUM_CONVERSION = YES;
				CLANG_WARN_INT_CONVERSION = YES;
				CLANG_WARN_OBJC_ROOT_CLASS = YES_ERROR;
				CLANG_WARN_UNREACHABLE_CODE = YES;
				CLANG_WARN__DUPLICATE_METHOD_MATCH = YES;
				"CODE_SIGN_IDENTITY[sdk=iphoneos*]" = "iPhone Developer";
				COPY_PHASE_STRIP = NO;
				DEBUG_INFORMATION_FORMAT = "dwarf-with-dsym";
				ENABLE_NS_ASSERTIONS = NO;
				ENABLE_STRICT_OBJC_MSGSEND = YES;
				GCC_C_LANGUAGE_STANDARD = gnu99;
				GCC_NO_COMMON_BLOCKS = YES;
				GCC_WARN_64_TO_32_BIT_CONVERSION = YES;
				GCC_WARN_ABOUT_RETURN_TYPE = YES_ERROR;
				GCC_WARN_UNDECLARED_SELECTOR = YES;
				GCC_WARN_UNINITIALIZED_AUTOS = YES_AGGRESSIVE;
				GCC_WARN_UNUSED_FUNCTION = YES;
				GCC_WARN_UNUSED_VARIABLE = YES;
				IPHONEOS_DEPLOYMENT_TARGET = 9.3;
				MTL_ENABLE_DEBUG_INFO = NO;
				SDKROOT = iphoneos;
				VALIDATE_PRODUCT = YES;
			};
			name = Release;
		};
		27140D8D1D3E5397003224EF /* Debug */ = {
			isa = XCBuildConfiguration;
			baseConfigurationReference = D380474B28758B530DCB20D0 /* Pods-MZCWB.debug.xcconfig */;
			buildSettings = {
				ASSETCATALOG_COMPILER_APPICON_NAME = AppIcon;
				ASSETCATALOG_COMPILER_LAUNCHIMAGE_NAME = "Brand Assets";
				INFOPLIST_FILE = MZCWB/Info.plist;
				IPHONEOS_DEPLOYMENT_TARGET = 8.0;
				LD_RUNPATH_SEARCH_PATHS = "$(inherited) @executable_path/Frameworks";
				PRODUCT_BUNDLE_IDENTIFIER = MZC.MZCWB;
				PRODUCT_NAME = "$(TARGET_NAME)";
			};
			name = Debug;
		};
		27140D8E1D3E5397003224EF /* Release */ = {
			isa = XCBuildConfiguration;
			baseConfigurationReference = 1602D8B090804EAE840C7D47 /* Pods-MZCWB.release.xcconfig */;
			buildSettings = {
				ASSETCATALOG_COMPILER_APPICON_NAME = AppIcon;
				ASSETCATALOG_COMPILER_LAUNCHIMAGE_NAME = "Brand Assets";
				INFOPLIST_FILE = MZCWB/Info.plist;
				IPHONEOS_DEPLOYMENT_TARGET = 8.0;
				LD_RUNPATH_SEARCH_PATHS = "$(inherited) @executable_path/Frameworks";
				PRODUCT_BUNDLE_IDENTIFIER = MZC.MZCWB;
				PRODUCT_NAME = "$(TARGET_NAME)";
			};
			name = Release;
		};
		27140D901D3E5397003224EF /* Debug */ = {
			isa = XCBuildConfiguration;
			buildSettings = {
				BUNDLE_LOADER = "$(TEST_HOST)";
				INFOPLIST_FILE = MZCWBTests/Info.plist;
				LD_RUNPATH_SEARCH_PATHS = "$(inherited) @executable_path/Frameworks @loader_path/Frameworks";
				PRODUCT_BUNDLE_IDENTIFIER = MZC.MZCWBTests;
				PRODUCT_NAME = "$(TARGET_NAME)";
				TEST_HOST = "$(BUILT_PRODUCTS_DIR)/MZCWB.app/MZCWB";
			};
			name = Debug;
		};
		27140D911D3E5397003224EF /* Release */ = {
			isa = XCBuildConfiguration;
			buildSettings = {
				BUNDLE_LOADER = "$(TEST_HOST)";
				INFOPLIST_FILE = MZCWBTests/Info.plist;
				LD_RUNPATH_SEARCH_PATHS = "$(inherited) @executable_path/Frameworks @loader_path/Frameworks";
				PRODUCT_BUNDLE_IDENTIFIER = MZC.MZCWBTests;
				PRODUCT_NAME = "$(TARGET_NAME)";
				TEST_HOST = "$(BUILT_PRODUCTS_DIR)/MZCWB.app/MZCWB";
			};
			name = Release;
		};
		27140D931D3E5397003224EF /* Debug */ = {
			isa = XCBuildConfiguration;
			buildSettings = {
				INFOPLIST_FILE = MZCWBUITests/Info.plist;
				LD_RUNPATH_SEARCH_PATHS = "$(inherited) @executable_path/Frameworks @loader_path/Frameworks";
				PRODUCT_BUNDLE_IDENTIFIER = MZC.MZCWBUITests;
				PRODUCT_NAME = "$(TARGET_NAME)";
				TEST_TARGET_NAME = MZCWB;
			};
			name = Debug;
		};
		27140D941D3E5397003224EF /* Release */ = {
			isa = XCBuildConfiguration;
			buildSettings = {
				INFOPLIST_FILE = MZCWBUITests/Info.plist;
				LD_RUNPATH_SEARCH_PATHS = "$(inherited) @executable_path/Frameworks @loader_path/Frameworks";
				PRODUCT_BUNDLE_IDENTIFIER = MZC.MZCWBUITests;
				PRODUCT_NAME = "$(TARGET_NAME)";
				TEST_TARGET_NAME = MZCWB;
			};
			name = Release;
		};
/* End XCBuildConfiguration section */

/* Begin XCConfigurationList section */
		27140D5F1D3E5397003224EF /* Build configuration list for PBXProject "MZCWB" */ = {
			isa = XCConfigurationList;
			buildConfigurations = (
				27140D8A1D3E5397003224EF /* Debug */,
				27140D8B1D3E5397003224EF /* Release */,
			);
			defaultConfigurationIsVisible = 0;
			defaultConfigurationName = Release;
		};
		27140D8C1D3E5397003224EF /* Build configuration list for PBXNativeTarget "MZCWB" */ = {
			isa = XCConfigurationList;
			buildConfigurations = (
				27140D8D1D3E5397003224EF /* Debug */,
				27140D8E1D3E5397003224EF /* Release */,
			);
			defaultConfigurationIsVisible = 0;
			defaultConfigurationName = Release;
		};
		27140D8F1D3E5397003224EF /* Build configuration list for PBXNativeTarget "MZCWBTests" */ = {
			isa = XCConfigurationList;
			buildConfigurations = (
				27140D901D3E5397003224EF /* Debug */,
				27140D911D3E5397003224EF /* Release */,
			);
			defaultConfigurationIsVisible = 0;
			defaultConfigurationName = Release;
		};
		27140D921D3E5397003224EF /* Build configuration list for PBXNativeTarget "MZCWBUITests" */ = {
			isa = XCConfigurationList;
			buildConfigurations = (
				27140D931D3E5397003224EF /* Debug */,
				27140D941D3E5397003224EF /* Release */,
			);
			defaultConfigurationIsVisible = 0;
			defaultConfigurationName = Release;
		};
/* End XCConfigurationList section */
	};
	rootObject = 27140D5C1D3E5397003224EF /* Project object */;
}
