PODS:
  - AFNetworking (3.1.0):
    - AFNetworking/NSURLSession (= 3.1.0)
    - AFNetworking/Reachability (= 3.1.0)
    - AFNetworking/Security (= 3.1.0)
    - AFNetworking/Serialization (= 3.1.0)
    - AFNetworking/UIKit (= 3.1.0)
  - AFNetworking/NSURLSession (3.1.0):
    - AFNetworking/Reachability
    - AFNetworking/Security
    - AFNetworking/Serialization
  - AFNetworking/Reachability (3.1.0)
  - AFNetworking/Security (3.1.0)
  - AFNetworking/Serialization (3.1.0)
  - AFNetworking/UIKit (3.1.0):
    - AFNetworking/NSURLSession
  - Alamofire (3.4.1)
  - MJRefresh (3.1.9)
  - QorumLogs (0.8)
  - SDWebImage (3.8.1):
    - SDWebImage/Core (= 3.8.1)
  - SDWebImage/Core (3.8.1)
  - SnapKit (0.21.1)
  - SVProgressHUD (2.0.3)
  - SwiftyJSON (2.3.2)
  - YYKit (1.0.7):
    - YYKit/no-arc (= 1.0.7)
  - YYKit/no-arc (1.0.7)

DEPENDENCIES:
  - AFNetworking
  - Alamofire
  - MJRefresh
  - QorumLogs
  - SDWebImage
  - SnapKit
  - SVProgressHUD
  - SwiftyJSON
  - YYKit

SPEC CHECKSUMS:
  AFNetworking: 5e0e199f73d8626b11e79750991f5d173d1f8b67
  Alamofire: 01a82e2f6c0f860ade35534c8dd88be61bdef40c
  MJRefresh: c5f1f1653e5a1b932c90f78074f2bc86f3f9bd5e
  QorumLogs: d971b31d343ac0ecf4904adc29c1d32f0e46d6a4
  SDWebImage: 35f9627a3e44b4f292a8a8ce6a531fa488239b91
  SnapKit: bbad04cb016c7cead63965f16b00c09318d271ee
  SVProgressHUD: b0830714205bea1317ea1a2ebc71e5633af334d4
  SwiftyJSON: 04ccea08915aa0109039157c7974cf0298da292a
  YYKit: 843d1b26e20b82c695790c9a89907eaa1e99907f

PODFILE CHECKSUM: e82fb8e2a4c50d3b410a3522977e614cf5af47a8

COCOAPODS: 1.0.0.rc.2
